{
  "version": 4,
  "terraform_version": "1.14.5",
  "serial": 169,
  "lineage": "ee95d767-4566-7afd-39bb-880ac0a9ee10",
  "outputs": {
    "api_gateway_url": {
      "value": "https://nin1zoih0d.execute-api.ap-south-1.amazonaws.com/prod",
      "type": "string"
    },
    "code_queue_url": {
      "value": "https://sqs.ap-south-1.amazonaws.com/135808961840/serverless-recruitment-code",
      "type": "string"
    },
    "dynamodb_table_name": {
      "value": "serverless-recruitment-submissions",
      "type": "string"
    },
    "job_configs_table_name": {
      "value": "serverless-recruitment-job-configs",
      "type": "string"
    },
    "results_endpoint": {
      "value": "https://nin1zoih0d.execute-api.ap-south-1.amazonaws.com/prod/results",
      "type": "string"
    },
    "resume_queue_url": {
      "value": "https://sqs.ap-south-1.amazonaws.com/135808961840/serverless-recruitment-resume",
      "type": "string"
    },
    "s3_bucket_name": {
      "value": "serverless-recruitment-submissions-135808961840",
      "type": "string"
    },
    "submit_endpoint": {
      "value": "https://nin1zoih0d.execute-api.ap-south-1.amazonaws.com/prod/submit",
      "type": "string"
    }
  },
  "resources": [
    {
      "mode": "data",
      "type": "archive_file",
      "name": "authorizer",
      "provider": "provider[\"registry.terraform.io/hashicorp/archive\"]",
      "instances": [
        {
          "schema_version": 0,
          "attributes": {
            "exclude_symlink_directories": null,
            "excludes": null,
            "id": "b9d789b5cb751532f8278732c56f55f418c90f79",
            "output_base64sha256": "0XNZikXXTmtw7fg+Y/dtAJY6r5tGyOUg71HRcOn2+o8=",
            "output_base64sha512": "4HPZ2NYzGB3252XUrqAJJI2mwjU72+xfjWydqJGR5CZ9uuqsc1HTeHtwl6Z8i7Vry3YyrMDMv9bEBvB6e6ctlA==",
            "output_file_mode": null,
            "output_md5": "bdb0379f20ecf204100b9f9e16f7f870",
            "output_path": "./../lambdas/authorizer/handler.zip",
            "output_sha": "b9d789b5cb751532f8278732c56f55f418c90f79",
            "output_sha256": "d173598a45d74e6b70edf83e63f76d00963aaf9b46c8e520ef51d170e9f6fa8f",
            "output_sha512": "e073d9d8d633181df6e765d4aea009248da6c2353bdbec5f8d6c9da89191e4267dbaeaac7351d3787b7097a67c8bb56bcb7632acc0ccbfd6c406f07a7ba72d94",
            "output_size": 1191,
            "source": [],
            "source_content": null,
            "source_content_filename": null,
            "source_dir": null,
            "source_file": "./../lambdas/authorizer/handler.py",
            "type": "zip"
          },
          "sensitive_attributes": [],
          "identity_schema_version": 0
        }
      ]
    },
    {
      "mode": "data",
      "type": "archive_file",
      "name": "code_eval",
      "provider": "provider[\"registry.terraform.io/hashicorp/archive\"]",
      "instances": [
        {
          "schema_version": 0,
          "attributes": {
            "exclude_symlink_directories": null,
            "excludes": null,
            "id": "9b59f78ef1e63ef29abe38b3cad3d53f2c91432e",
            "output_base64sha256": "Po872zUdQ3yCllvvdj4fj+ITHcp8H9vyMxhgMsFbIQM=",
            "output_base64sha512": "yL9UcrPd+CVdhaYW5LoSOx2DaaK+demGCozwVZIrXsJAhPL+ELD9KsNkqx8iZ+SRGx8uTlsC1YwYu5EieMqeWw==",
            "output_file_mode": null,
            "output_md5": "a42a6866e616a09134ec0e6f1a59c97b",
            "output_path": "./../lambdas/code_eval/handler.zip",
            "output_sha": "9b59f78ef1e63ef29abe38b3cad3d53f2c91432e",
            "output_sha256": "3e8f3bdb351d437c82965bef763e1f8fe2131dca7c1fdbf233186032c15b2103",
            "output_sha512": "c8bf5472b3ddf8255d85a616e4ba123b1d8369a2be75e9860a8cf055922b5ec24084f2fe10b0fd2ac364ab1f2267e4911b1f2e4e5b02d58c18bb912278ca9e5b",
            "output_size": 3629,
            "source": [],
            "source_content": null,
            "source_content_filename": null,
            "source_dir": null,
            "source_file": "./../lambdas/code_eval/handler.py",
            "type": "zip"
          },
          "sensitive_attributes": [],
          "identity_schema_version": 0
        }
      ]
    },
    {
      "mode": "data",
      "type": "archive_file",
      "name": "email_notifier",
      "provider": "provider[\"registry.terraform.io/hashicorp/archive\"]",
      "instances": [
        {
          "schema_version": 0,
          "attributes": {
            "exclude_symlink_directories": null,
            "excludes": null,
            "id": "82363894712cb49be5df755ad6f2eab2578b801d",
            "output_base64sha256": "bJVltXPYHPUOR51kYAK11Ja+3VJRGur9qv2nlkEoeDA=",
            "output_base64sha512": "GI4fuKTrVmylzRgSyV9xeAen4/9Sw9dkIHwtOH7n4VsDaqRisGHMJgtPhQUb/aBa3Qt4hWsYHOrbrj5+eYJjQA==",
            "output_file_mode": null,
            "output_md5": "ddfeca10344a5896c92790aeb959f38b",
            "output_path": "./.terraform/email_notifier.zip",
            "output_sha": "82363894712cb49be5df755ad6f2eab2578b801d",
            "output_sha256": "6c9565b573d81cf50e479d646002b5d496bedd52511aeafdaafda79641287830",
            "output_sha512": "188e1fb8a4eb566ca5cd1812c95f717807a7e3ff52c3d764207c2d387ee7e15b036aa462b061cc260b4f85051bfda05add0b78856b181ceadbae3e7e79826340",
            "output_size": 1691,
            "source": [],
            "source_content": null,
            "source_content_filename": null,
            "source_dir": "./../lambdas/email_notifier",
            "source_file": null,
            "type": "zip"
          },
          "sensitive_attributes": [],
          "identity_schema_version": 0
        }
      ]
    },
    {
      "mode": "data",
      "type": "archive_file",
      "name": "ingress",
      "provider": "provider[\"registry.terraform.io/hashicorp/archive\"]",
      "instances": [
        {
          "schema_version": 0,
          "attributes": {
            "exclude_symlink_directories": null,
            "excludes": null,
            "id": "59acac90d2e731c747939f8565990aef71685441",
            "output_base64sha256": "+Q3yFK3n8iAsIhHujRMUFXAfleUbfD42Ve951VRXDG0=",
            "output_base64sha512": "A0LG/hiF1F10pT9DDYeaRJV5MhM7VWi3UPjdDRu8Dqktojjw9heg2QqxlUiWzoKseG9sI/FDcXLnzssTzQQXUg==",
            "output_file_mode": null,
            "output_md5": "56f94b8c73b275fa942f8debd317ce9b",
            "output_path": "./../lambdas/ingress/handler.zip",
            "output_sha": "59acac90d2e731c747939f8565990aef71685441",
            "output_sha256": "f90df214ade7f2202c2211ee8d131415701f95e51b7c3e3655ef79d554570c6d",
            "output_sha512": "0342c6fe1885d45d74a53f430d879a44957932133b5568b750f8dd0d1bbc0ea92da238f0f617a0d90ab1954896ce82ac786f6c23f1437172e7cecb13cd041752",
            "output_size": 3053,
            "source": [],
            "source_content": null,
            "source_content_filename": null,
            "source_dir": null,
            "source_file": "./../lambdas/ingress/handler.py",
            "type": "zip"
          },
          "sensitive_attributes": [],
          "identity_schema_version": 0
        }
      ]
    },
    {
      "mode": "data",
      "type": "archive_file",
      "name": "question_gen",
      "provider": "provider[\"registry.terraform.io/hashicorp/archive\"]",
      "instances": [
        {
          "schema_version": 0,
          "attributes": {
            "exclude_symlink_directories": null,
            "excludes": null,
            "id": "9667d0451b8f025bebd2a897470b98cceed04abb",
            "output_base64sha256": "UdTyKp9UkDp7RqaYpq0uH4lnNh2VfATkG4aQHfDNj64=",
            "output_base64sha512": "Irc+uff9n8jGbmwIKaQ496PXnZb3z8eytZRl3mIWERCb/BQc6G4kZuJ/Cx5Sxk+LB3Skksb8hslNsjclTuHgPw==",
            "output_file_mode": null,
            "output_md5": "7ea0ca599bbb16319699db840ccdfc4a",
            "output_path": "./../lambdas/question_gen/handler.zip",
            "output_sha": "9667d0451b8f025bebd2a897470b98cceed04abb",
            "output_sha256": "51d4f22a9f54903a7b46a698a6ad2e1f8967361d957c04e41b86901df0cd8fae",
            "output_sha512": "22b73eb9f7fd9fc8c66e6c0829a438f7a3d79d96f7cfc7b2b59465de621611109bfc141ce86e2466e27f0b1e52c64f8b0774a492c6fc86c94db237254ee1e03f",
            "output_size": 2353,
            "source": [],
            "source_content": null,
            "source_content_filename": null,
            "source_dir": null,
            "source_file": "./../lambdas/question_gen/handler.py",
            "type": "zip"
          },
          "sensitive_attributes": [],
          "identity_schema_version": 0
        }
      ]
    },
    {
      "mode": "data",
      "type": "archive_file",
      "name": "resume_eval",
      "provider": "provider[\"registry.terraform.io/hashicorp/archive\"]",
      "instances": [
        {
          "schema_version": 0,
          "attributes": {
            "exclude_symlink_directories": null,
            "excludes": null,
            "id": "0a55a99b9ea713d43024edcdd5bd06cb6ac740f5",
            "output_base64sha256": "tt5oYH+Ouz1eZloU0e1BN+zGFzIkLKN5Y0ODXmh1mm4=",
            "output_base64sha512": "vA7zUhJ3BUa3BIOD0bS8Yl4OHEARR//r/LU/BpOHLfYzyfRlcRV6x+7+RxEaIlLSzq3+PW0g7YrbWVLekCAPqw==",
            "output_file_mode": null,
            "output_md5": "b84abdbc0db6d1c982c2c4a9e10414db",
            "output_path": "./../lambdas/resume_eval/handler.zip",
            "output_sha": "0a55a99b9ea713d43024edcdd5bd06cb6ac740f5",
            "output_sha256": "b6de68607f8ebb3d5e665a14d1ed4137ecc61732242ca3796343835e68759a6e",
            "output_sha512": "bc0ef35212770546b7048383d1b4bc625e0e1c401147ffebfcb53f0693872df633c9f46571157ac7eefe47111a2252d2ceadfe3d6d20ed8adb5952de90200fab",
            "output_size": 2541,
            "source": [],
            "source_content": null,
            "source_content_filename": null,
            "source_dir": null,
            "source_file": "./../lambdas/resume_eval/handler.py",
            "type": "zip"
          },
          "sensitive_attributes": [],
          "identity_schema_version": 0
        }
      ]
    },
    {
      "mode": "data",
      "type": "aws_caller_identity",
      "name": "current",
      "provider": "provider[\"registry.terraform.io/hashicorp/aws\"]",
      "instances": [
        {
          "schema_version": 0,
          "attributes": {
            "account_id": "135808961840",
            "arn": "arn:aws:iam::135808961840:root",
            "id": "135808961840",
            "user_id": "135808961840"
          },
          "sensitive_attributes": [],
          "identity_schema_version": 0
        }
      ]
    },
    {
      "mode": "managed",
      "type": "aws_api_gateway_authorizer",
      "name": "jwt",
      "provider": "provider[\"registry.terraform.io/hashicorp/aws\"]",
      "instances": [
        {
          "schema_version": 0,
          "attributes": {
            "arn": "arn:aws:apigateway:ap-south-1::/restapis/nin1zoih0d/authorizers/4bivnx",
            "authorizer_credentials": "arn:aws:iam::135808961840:role/serverless-recruitment-apigw-exec",
            "authorizer_result_ttl_in_seconds": 0,
            "authorizer_uri": "arn:aws:apigateway:ap-south-1:lambda:path/2015-03-31/functions/arn:aws:lambda:ap-south-1:135808961840:function:serverless-recruitment-authorizer/invocations",
            "id": "4bivnx",
            "identity_source": "method.request.header.Authorization",
            "identity_validation_expression": "",
            "name": "serverless-recruitment-jwt-authorizer",
            "provider_arns": [],
            "rest_api_id": "nin1zoih0d",
            "type": "TOKEN"
          },
          "sensitive_attributes": [],
          "identity_schema_version": 0,
          "private": "bnVsbA==",
          "dependencies": [
            "aws_api_gateway_rest_api.main",
            "aws_iam_role.api_gateway_exec",
            "aws_iam_role.lambda_exec",
            "aws_lambda_function.authorizer",
            "aws_secretsmanager_secret.jwt_secret",
            "data.archive_file.authorizer"
          ],
          "create_before_destroy": true
        }
      ]
    },
    {
      "mode": "managed",
      "type": "aws_api_gateway_deployment",
      "name": "main",
      "provider": "provider[\"registry.terraform.io/hashicorp/aws\"]",
      "instances": [
        {
          "schema_version": 0,
          "attributes": {
            "canary_settings": [],
            "created_date": "2026-05-11T20:51:31Z",
            "description": "",
            "execution_arn": "arn:aws:execute-api:ap-south-1:135808961840:nin1zoih0d/",
            "id": "gi4kku",
            "invoke_url": "https://nin1zoih0d.execute-api.ap-south-1.amazonaws.com/",
            "rest_api_id": "nin1zoih0d",
            "stage_description": null,
            "stage_name": null,
            "triggers": null,
            "variables": null
          },
          "sensitive_attributes": [],
          "identity_schema_version": 0,
          "private": "bnVsbA==",
          "dependencies": [
            "aws_api_gateway_authorizer.jwt",
            "aws_api_gateway_integration.results_get",
            "aws_api_gateway_integration.submit_post",
            "aws_api_gateway_method.results_get",
            "aws_api_gateway_method.submit_post",
            "aws_api_gateway_resource.results",
            "aws_api_gateway_resource.submit",
            "aws_api_gateway_rest_api.main",
            "aws_dynamodb_table.submissions",
            "aws_iam_role.api_gateway_exec",
            "aws_iam_role.lambda_exec",
            "aws_lambda_function.authorizer",
            "aws_lambda_function.ingress",
            "aws_s3_bucket.submissions",
            "aws_secretsmanager_secret.jwt_secret",
            "aws_sqs_queue.code",
            "aws_sqs_queue.code_dlq",
            "aws_sqs_queue.question",
            "aws_sqs_queue.question_dlq",
            "aws_sqs_queue.resume",
            "aws_sqs_queue.resume_dlq",
            "data.archive_file.authorizer",
            "data.archive_file.ingress",
            "data.aws_caller_identity.current"
          ],
          "create_before_destroy": true
        }
      ]
    },
    {
      "mode": "managed",
      "type": "aws_api_gateway_deployment",
      "name": "v2",
      "provider": "provider[\"registry.terraform.io/hashicorp/aws\"]",
      "instances": [
        {
          "schema_version": 0,
          "attributes": {
            "canary_settings": [],
            "created_date": "2026-05-13T19:02:46Z",
            "description": "",
            "execution_arn": "arn:aws:execute-api:ap-south-1:135808961840:nin1zoih0d/",
            "id": "ga1for",
            "invoke_url": "https://nin1zoih0d.execute-api.ap-south-1.amazonaws.com/",
            "rest_api_id": "nin1zoih0d",
            "stage_description": null,
            "stage_name": null,
            "triggers": {
              "redeployment": "e603ed369c826da9bfa6669d2c5a2a066ecaa5d5"
            },
            "variables": null
          },
          "sensitive_attributes": [],
          "identity_schema_version": 0,
          "private": "bnVsbA==",
          "dependencies": [
            "aws_api_gateway_authorizer.jwt",
            "aws_api_gateway_integration.code_submit_post",
            "aws_api_gateway_integration.decision_post",
            "aws_api_gateway_integration.jobs_get",
            "aws_api_gateway_integration.questions_get",
            "aws_api_gateway_integration.report_get",
            "aws_api_gateway_integration.results_get",
            "aws_api_gateway_integration.submit_post",
            "aws_api_gateway_method.code_submit_post",
            "aws_api_gateway_method.decision_post",
            "aws_api_gateway_method.jobs_get",
            "aws_api_gateway_method.questions_get",
            "aws_api_gateway_method.report_get",
            "aws_api_gateway_method.results_get",
            "aws_api_gateway_method.submit_post",
            "aws_api_gateway_resource.code_submit",
            "aws_api_gateway_resource.decision",
            "aws_api_gateway_resource.jobs",
            "aws_api_gateway_resource.questions",
            "aws_api_gateway_resource.report",
            "aws_api_gateway_resource.results",
            "aws_api_gateway_resource.submit",
            "aws_api_gateway_rest_api.main",
            "aws_dynamodb_table.submissions",
            "aws_iam_role.api_gateway_exec",
            "aws_iam_role.lambda_exec",
            "aws_lambda_function.authorizer",
            "aws_lambda_function.ingress",
            "aws_s3_bucket.submissions",
            "aws_secretsmanager_secret.jwt_secret",
            "aws_sqs_queue.code",
            "aws_sqs_queue.code_dlq",
            "aws_sqs_queue.question",
            "aws_sqs_queue.question_dlq",
            "aws_sqs_queue.resume",
            "aws_sqs_queue.resume_dlq",
            "data.archive_file.authorizer",
            "data.archive_file.ingress",
            "data.aws_caller_identity.current"
          ],
          "create_before_destroy": true
        }
      ]
    },
    {
      "mode": "managed",
      "type": "aws_api_gateway_integration",
      "name": "code_submit_options",
      "provider": "provider[\"registry.terraform.io/hashicorp/aws\"]",
      "instances": [
        {
          "schema_version": 0,
          "attributes": {
            "cache_key_parameters": [],
            "cache_namespace": "yq7ran",
            "connection_id": "",
            "connection_type": "INTERNET",
            "content_handling": "",
            "credentials": "",
            "http_method": "OPTIONS",
            "id": "agi-nin1zoih0d-yq7ran-OPTIONS",
            "integration_http_method": "",
            "passthrough_behavior": "WHEN_NO_MATCH",
            "request_parameters": {},
            "request_templates": {
              "application/json": "{\"statusCode\": 200}"
            },
            "resource_id": "yq7ran",
            "rest_api_id": "nin1zoih0d",
            "timeout_milliseconds": 29000,
            "tls_config": [],
            "type": "MOCK",
            "uri": ""
          },
          "sensitive_attributes": [],
          "identity_schema_version": 0,
          "private": "bnVsbA==",
          "dependencies": [
            "aws_api_gateway_method.code_submit_options",
            "aws_api_gateway_resource.code_submit",
            "aws_api_gateway_rest_api.main"
          ]
        }
      ]
    },
    {
      "mode": "managed",
      "type": "aws_api_gateway_integration",
      "name": "code_submit_post",
      "provider": "provider[\"registry.terraform.io/hashicorp/aws\"]",
      "instances": [
        {
          "schema_version": 0,
          "attributes": {
            "cache_key_parameters": [],
            "cache_namespace": "yq7ran",
            "connection_id": "",
            "connection_type": "INTERNET",
            "content_handling": "",
            "credentials": "",
            "http_method": "POST",
            "id": "agi-nin1zoih0d-yq7ran-POST",
            "integration_http_method": "POST",
            "passthrough_behavior": "WHEN_NO_MATCH",
            "request_parameters": {},
            "request_templates": {},
            "resource_id": "yq7ran",
            "rest_api_id": "nin1zoih0d",
            "timeout_milliseconds": 29000,
            "tls_config": [],
            "type": "AWS_PROXY",
            "uri": "arn:aws:apigateway:ap-south-1:lambda:path/2015-03-31/functions/arn:aws:lambda:ap-south-1:135808961840:function:serverless-recruitment-ingress/invocations"
          },
          "sensitive_attributes": [],
          "identity_schema_version": 0,
          "private": "bnVsbA==",
          "dependencies": [
            "aws_api_gateway_method.code_submit_post",
            "aws_api_gateway_resource.code_submit",
            "aws_api_gateway_rest_api.main",
            "aws_dynamodb_table.submissions",
            "aws_iam_role.lambda_exec",
            "aws_lambda_function.ingress",
            "aws_s3_bucket.submissions",
            "aws_sqs_queue.code",
            "aws_sqs_queue.code_dlq",
            "aws_sqs_queue.question",
            "aws_sqs_queue.question_dlq",
            "aws_sqs_queue.resume",
            "aws_sqs_queue.resume_dlq",
            "data.archive_file.ingress",
            "data.aws_caller_identity.current"
          ],
          "create_before_destroy": true
        }
      ]
    },
    {
      "mode": "managed",
      "type": "aws_api_gateway_integration",
      "name": "decision_options",
      "provider": "provider[\"registry.terraform.io/hashicorp/aws\"]",
      "instances": [
        {
          "schema_version": 0,
          "attributes": {
            "cache_key_parameters": [],
            "cache_namespace": "wk6ev4",
            "connection_id": "",
            "connection_type": "INTERNET",
            "content_handling": "",
            "credentials": "",
            "http_method": "OPTIONS",
            "id": "agi-nin1zoih0d-wk6ev4-OPTIONS",
            "integration_http_method": "",
            "passthrough_behavior": "WHEN_NO_MATCH",
            "request_parameters": {},
            "request_templates": {
              "application/json": "{\"statusCode\": 200}"
            },
            "resource_id": "wk6ev4",
            "rest_api_id": "nin1zoih0d",
            "timeout_milliseconds": 29000,
            "tls_config": [],
            "type": "MOCK",
            "uri": ""
          },
          "sensitive_attributes": [],
          "identity_schema_version": 0,
          "private": "bnVsbA==",
          "dependencies": [
            "aws_api_gateway_method.decision_options",
            "aws_api_gateway_resource.decision",
            "aws_api_gateway_rest_api.main"
          ]
        }
      ]
    },
    {
      "mode": "managed",
      "type": "aws_api_gateway_integration",
      "name": "decision_post",
      "provider": "provider[\"registry.terraform.io/hashicorp/aws\"]",
      "instances": [
        {
          "schema_version": 0,
          "attributes": {
            "cache_key_parameters": [],
            "cache_namespace": "wk6ev4",
            "connection_id": "",
            "connection_type": "INTERNET",
            "content_handling": "",
            "credentials": "",
            "http_method": "POST",
            "id": "agi-nin1zoih0d-wk6ev4-POST",
            "integration_http_method": "POST",
            "passthrough_behavior": "WHEN_NO_MATCH",
            "request_parameters": {},
            "request_templates": {},
            "resource_id": "wk6ev4",
            "rest_api_id": "nin1zoih0d",
            "timeout_milliseconds": 29000,
            "tls_config": [],
            "type": "AWS_PROXY",
            "uri": "arn:aws:apigateway:ap-south-1:lambda:path/2015-03-31/functions/arn:aws:lambda:ap-south-1:135808961840:function:serverless-recruitment-ingress/invocations"
          },
          "sensitive_attributes": [],
          "identity_schema_version": 0,
          "private": "bnVsbA==",
          "dependencies": [
            "aws_api_gateway_authorizer.jwt",
            "aws_api_gateway_method.decision_post",
            "aws_api_gateway_resource.decision",
            "aws_api_gateway_rest_api.main",
            "aws_dynamodb_table.submissions",
            "aws_iam_role.api_gateway_exec",
            "aws_iam_role.lambda_exec",
            "aws_lambda_function.authorizer",
            "aws_lambda_function.ingress",
            "aws_s3_bucket.submissions",
            "aws_secretsmanager_secret.jwt_secret",
            "aws_sqs_queue.code",
            "aws_sqs_queue.code_dlq",
            "aws_sqs_queue.question",
            "aws_sqs_queue.question_dlq",
            "aws_sqs_queue.resume",
            "aws_sqs_queue.resume_dlq",
            "data.archive_file.authorizer",
            "data.archive_file.ingress",
            "data.aws_caller_identity.current"
          ],
          "create_before_destroy": true
        }
      ]
    },
    {
      "mode": "managed",
      "type": "aws_api_gateway_integration",
      "name": "jobs_get",
      "provider": "provider[\"registry.terraform.io/hashicorp/aws\"]",
      "instances": [
        {
          "schema_version": 0,
          "attributes": {
            "cache_key_parameters": [],
            "cache_namespace": "cjlaoi",
            "connection_id": "",
            "connection_type": "INTERNET",
            "content_handling": "",
            "credentials": "",
            "http_method": "GET",
            "id": "agi-nin1zoih0d-cjlaoi-GET",
            "integration_http_method": "POST",
            "passthrough_behavior": "WHEN_NO_MATCH",
            "request_parameters": {},
            "request_templates": {},
            "resource_id": "cjlaoi",
            "rest_api_id": "nin1zoih0d",
            "timeout_milliseconds": 29000,
            "tls_config": [],
            "type": "AWS_PROXY",
            "uri": "arn:aws:apigateway:ap-south-1:lambda:path/2015-03-31/functions/arn:aws:lambda:ap-south-1:135808961840:function:serverless-recruitment-ingress/invocations"
          },
          "sensitive_attributes": [],
          "identity_schema_version": 0,
          "private": "bnVsbA==",
          "dependencies": [
            "aws_api_gateway_method.jobs_get",
            "aws_api_gateway_resource.jobs",
            "aws_api_gateway_rest_api.main",
            "aws_dynamodb_table.submissions",
            "aws_iam_role.lambda_exec",
            "aws_lambda_function.ingress",
            "aws_s3_bucket.submissions",
            "aws_sqs_queue.code",
            "aws_sqs_queue.code_dlq",
            "aws_sqs_queue.question",
            "aws_sqs_queue.question_dlq",
            "aws_sqs_queue.resume",
            "aws_sqs_queue.resume_dlq",
            "data.archive_file.ingress",
            "data.aws_caller_identity.current"
          ],
          "create_before_destroy": true
        }
      ]
    },
    {
      "mode": "managed",
      "type": "aws_api_gateway_integration",
      "name": "jobs_options",
      "provider": "provider[\"registry.terraform.io/hashicorp/aws\"]",
      "instances": [
        {
          "schema_version": 0,
          "attributes": {
            "cache_key_parameters": [],
            "cache_namespace": "cjlaoi",
            "connection_id": "",
            "connection_type": "INTERNET",
            "content_handling": "",
            "credentials": "",
            "http_method": "OPTIONS",
            "id": "agi-nin1zoih0d-cjlaoi-OPTIONS",
            "integration_http_method": "",
            "passthrough_behavior": "WHEN_NO_MATCH",
            "request_parameters": {},
            "request_templates": {
              "application/json": "{\"statusCode\": 200}"
            },
            "resource_id": "cjlaoi",
            "rest_api_id": "nin1zoih0d",
            "timeout_milliseconds": 29000,
            "tls_config": [],
            "type": "MOCK",
            "uri": ""
          },
          "sensitive_attributes": [],
          "identity_schema_version": 0,
          "private": "bnVsbA==",
          "dependencies": [
            "aws_api_gateway_method.jobs_options",
            "aws_api_gateway_resource.jobs",
            "aws_api_gateway_rest_api.main"
          ]
        }
      ]
    },
    {
      "mode": "managed",
      "type": "aws_api_gateway_integration",
      "name": "jobs_post",
      "provider": "provider[\"registry.terraform.io/hashicorp/aws\"]",
      "instances": [
        {
          "schema_version": 0,
          "attributes": {
            "cache_key_parameters": [],
            "cache_namespace": "cjlaoi",
            "connection_id": "",
            "connection_type": "INTERNET",
            "content_handling": "",
            "credentials": "",
            "http_method": "POST",
            "id": "agi-nin1zoih0d-cjlaoi-POST",
            "integration_http_method": "POST",
            "passthrough_behavior": "WHEN_NO_MATCH",
            "request_parameters": {},
            "request_templates": {},
            "resource_id": "cjlaoi",
            "rest_api_id": "nin1zoih0d",
            "timeout_milliseconds": 29000,
            "tls_config": [],
            "type": "AWS_PROXY",
            "uri": "arn:aws:apigateway:ap-south-1:lambda:path/2015-03-31/functions/arn:aws:lambda:ap-south-1:135808961840:function:serverless-recruitment-ingress/invocations"
          },
          "sensitive_attributes": [],
          "identity_schema_version": 0,
          "private": "bnVsbA==",
          "dependencies": [
            "aws_api_gateway_authorizer.jwt",
            "aws_api_gateway_method.jobs_post",
            "aws_api_gateway_resource.jobs",
            "aws_api_gateway_rest_api.main",
            "aws_dynamodb_table.submissions",
            "aws_iam_role.api_gateway_exec",
            "aws_iam_role.lambda_exec",
            "aws_lambda_function.authorizer",
            "aws_lambda_function.ingress",
            "aws_s3_bucket.submissions",
            "aws_secretsmanager_secret.jwt_secret",
            "aws_sqs_queue.code",
            "aws_sqs_queue.code_dlq",
            "aws_sqs_queue.question",
            "aws_sqs_queue.question_dlq",
            "aws_sqs_queue.resume",
            "aws_sqs_queue.resume_dlq",
            "data.archive_file.authorizer",
            "data.archive_file.ingress",
            "data.aws_caller_identity.current"
          ]
        }
      ]
    },
    {
      "mode": "managed",
      "type": "aws_api_gateway_integration",
      "name": "questions_get",
      "provider": "provider[\"registry.terraform.io/hashicorp/aws\"]",
      "instances": [
        {
          "schema_version": 0,
          "attributes": {
            "cache_key_parameters": [],
            "cache_namespace": "f7twrd",
            "connection_id": "",
            "connection_type": "INTERNET",
            "content_handling": "",
            "credentials": "",
            "http_method": "GET",
            "id": "agi-nin1zoih0d-f7twrd-GET",
            "integration_http_method": "POST",
            "passthrough_behavior": "WHEN_NO_MATCH",
            "request_parameters": {},
            "request_templates": {},
            "resource_id": "f7twrd",
            "rest_api_id": "nin1zoih0d",
            "timeout_milliseconds": 29000,
            "tls_config": [],
            "type": "AWS_PROXY",
            "uri": "arn:aws:apigateway:ap-south-1:lambda:path/2015-03-31/functions/arn:aws:lambda:ap-south-1:135808961840:function:serverless-recruitment-ingress/invocations"
          },
          "sensitive_attributes": [],
          "identity_schema_version": 0,
          "private": "bnVsbA==",
          "dependencies": [
            "aws_api_gateway_method.questions_get",
            "aws_api_gateway_resource.questions",
            "aws_api_gateway_rest_api.main",
            "aws_dynamodb_table.submissions",
            "aws_iam_role.lambda_exec",
            "aws_lambda_function.ingress",
            "aws_s3_bucket.submissions",
            "aws_sqs_queue.code",
            "aws_sqs_queue.code_dlq",
            "aws_sqs_queue.question",
            "aws_sqs_queue.question_dlq",
            "aws_sqs_queue.resume",
            "aws_sqs_queue.resume_dlq",
            "data.archive_file.ingress",
            "data.aws_caller_identity.current"
          ],
          "create_before_destroy": true
        }
      ]
    },
    {
      "mode": "managed",
      "type": "aws_api_gateway_integration",
      "name": "report_get",
      "provider": "provider[\"registry.terraform.io/hashicorp/aws\"]",
      "instances": [
        {
          "schema_version": 0,
          "attributes": {
            "cache_key_parameters": [],
            "cache_namespace": "1s4w2r",
            "connection_id": "",
            "connection_type": "INTERNET",
            "content_handling": "",
            "credentials": "",
            "http_method": "GET",
            "id": "agi-nin1zoih0d-1s4w2r-GET",
            "integration_http_method": "POST",
            "passthrough_behavior": "WHEN_NO_MATCH",
            "request_parameters": {},
            "request_templates": {},
            "resource_id": "1s4w2r",
            "rest_api_id": "nin1zoih0d",
            "timeout_milliseconds": 29000,
            "tls_config": [],
            "type": "AWS_PROXY",
            "uri": "arn:aws:apigateway:ap-south-1:lambda:path/2015-03-31/functions/arn:aws:lambda:ap-south-1:135808961840:function:serverless-recruitment-ingress/invocations"
          },
          "sensitive_attributes": [],
          "identity_schema_version": 0,
          "private": "bnVsbA==",
          "dependencies": [
            "aws_api_gateway_method.report_get",
            "aws_api_gateway_resource.report",
            "aws_api_gateway_rest_api.main",
            "aws_dynamodb_table.submissions",
            "aws_iam_role.lambda_exec",
            "aws_lambda_function.ingress",
            "aws_s3_bucket.submissions",
            "aws_sqs_queue.code",
            "aws_sqs_queue.code_dlq",
            "aws_sqs_queue.question",
            "aws_sqs_queue.question_dlq",
            "aws_sqs_queue.resume",
            "aws_sqs_queue.resume_dlq",
            "data.archive_file.ingress",
            "data.aws_caller_identity.current"
          ],
          "create_before_destroy": true
        }
      ]
    },
    {
      "mode": "managed",
      "type": "aws_api_gateway_integration",
      "name": "results_get",
      "provider": "provider[\"registry.terraform.io/hashicorp/aws\"]",
      "instances": [
        {
          "schema_version": 0,
          "attributes": {
            "cache_key_parameters": [],
            "cache_namespace": "q5d0ce",
            "connection_id": "",
            "connection_type": "INTERNET",
            "content_handling": "",
            "credentials": "",
            "http_method": "GET",
            "id": "agi-nin1zoih0d-q5d0ce-GET",
            "integration_http_method": "POST",
            "passthrough_behavior": "WHEN_NO_MATCH",
            "request_parameters": {},
            "request_templates": {},
            "resource_id": "q5d0ce",
            "rest_api_id": "nin1zoih0d",
            "timeout_milliseconds": 29000,
            "tls_config": [],
            "type": "AWS_PROXY",
            "uri": "arn:aws:apigateway:ap-south-1:lambda:path/2015-03-31/functions/arn:aws:lambda:ap-south-1:135808961840:function:serverless-recruitment-ingress/invocations"
          },
          "sensitive_attributes": [],
          "identity_schema_version": 0,
          "private": "bnVsbA==",
          "dependencies": [
            "aws_api_gateway_method.results_get",
            "aws_api_gateway_resource.results",
            "aws_api_gateway_rest_api.main",
            "aws_dynamodb_table.submissions",
            "aws_iam_role.lambda_exec",
            "aws_lambda_function.ingress",
            "aws_s3_bucket.submissions",
            "aws_sqs_queue.code",
            "aws_sqs_queue.code_dlq",
            "aws_sqs_queue.question",
            "aws_sqs_queue.question_dlq",
            "aws_sqs_queue.resume",
            "aws_sqs_queue.resume_dlq",
            "data.archive_file.ingress",
            "data.aws_caller_identity.current"
          ],
          "create_before_destroy": true
        }
      ]
    },
    {
      "mode": "managed",
      "type": "aws_api_gateway_integration",
      "name": "submit_options",
      "provider": "provider[\"registry.terraform.io/hashicorp/aws\"]",
      "instances": [
        {
          "schema_version": 0,
          "attributes": {
            "cache_key_parameters": [],
            "cache_namespace": "1myw3q",
            "connection_id": "",
            "connection_type": "INTERNET",
            "content_handling": "",
            "credentials": "",
            "http_method": "OPTIONS",
            "id": "agi-nin1zoih0d-1myw3q-OPTIONS",
            "integration_http_method": "",
            "passthrough_behavior": "WHEN_NO_MATCH",
            "request_parameters": {},
            "request_templates": {
              "application/json": "{\"statusCode\": 200}"
            },
            "resource_id": "1myw3q",
            "rest_api_id": "nin1zoih0d",
            "timeout_milliseconds": 29000,
            "tls_config": [],
            "type": "MOCK",
            "uri": ""
          },
          "sensitive_attributes": [],
          "identity_schema_version": 0,
          "private": "bnVsbA==",
          "dependencies": [
            "aws_api_gateway_method.submit_options",
            "aws_api_gateway_resource.submit",
            "aws_api_gateway_rest_api.main"
          ]
        }
      ]
    },
    {
      "mode": "managed",
      "type": "aws_api_gateway_integration",
      "name": "submit_post",
      "provider": "provider[\"registry.terraform.io/hashicorp/aws\"]",
      "instances": [
        {
          "schema_version": 0,
          "attributes": {
            "cache_key_parameters": [],
            "cache_namespace": "1myw3q",
            "connection_id": "",
            "connection_type": "INTERNET",
            "content_handling": "",
            "credentials": "",
            "http_method": "POST",
            "id": "agi-nin1zoih0d-1myw3q-POST",
            "integration_http_method": "POST",
            "passthrough_behavior": "WHEN_NO_MATCH",
            "request_parameters": {},
            "request_templates": {},
            "resource_id": "1myw3q",
            "rest_api_id": "nin1zoih0d",
            "timeout_milliseconds": 29000,
            "tls_config": [],
            "type": "AWS_PROXY",
            "uri": "arn:aws:apigateway:ap-south-1:lambda:path/2015-03-31/functions/arn:aws:lambda:ap-south-1:135808961840:function:serverless-recruitment-ingress/invocations"
          },
          "sensitive_attributes": [],
          "identity_schema_version": 0,
          "private": "bnVsbA==",
          "dependencies": [
            "aws_api_gateway_authorizer.jwt",
            "aws_api_gateway_method.submit_post",
            "aws_api_gateway_resource.submit",
            "aws_api_gateway_rest_api.main",
            "aws_dynamodb_table.submissions",
            "aws_iam_role.api_gateway_exec",
            "aws_iam_role.lambda_exec",
            "aws_lambda_function.authorizer",
            "aws_lambda_function.ingress",
            "aws_s3_bucket.submissions",
            "aws_secretsmanager_secret.jwt_secret",
            "aws_sqs_queue.code",
            "aws_sqs_queue.code_dlq",
            "aws_sqs_queue.question",
            "aws_sqs_queue.question_dlq",
            "aws_sqs_queue.resume",
            "aws_sqs_queue.resume_dlq",
            "data.archive_file.authorizer",
            "data.archive_file.ingress",
            "data.aws_caller_identity.current"
          ],
          "create_before_destroy": true
        }
      ]
    },
    {
      "mode": "managed",
      "type": "aws_api_gateway_integration_response",
      "name": "code_submit_options",
      "provider": "provider[\"registry.terraform.io/hashicorp/aws\"]",
      "instances": [
        {
          "schema_version": 0,
          "attributes": {
            "content_handling": "",
            "http_method": "OPTIONS",
            "id": "agir-nin1zoih0d-yq7ran-OPTIONS-200",
            "resource_id": "yq7ran",
            "response_parameters": {
              "method.response.header.Access-Control-Allow-Headers": "'Content-Type,Authorization'",
              "method.response.header.Access-Control-Allow-Methods": "'POST,OPTIONS'",
              "method.response.header.Access-Control-Allow-Origin": "'*'"
            },
            "response_templates": {},
            "rest_api_id": "nin1zoih0d",
            "selection_pattern": "",
            "status_code": "200"
          },
          "sensitive_attributes": [],
          "identity_schema_version": 0,
          "private": "bnVsbA==",
          "dependencies": [
            "aws_api_gateway_method.code_submit_options",
            "aws_api_gateway_method_response.code_submit_options",
            "aws_api_gateway_resource.code_submit",
            "aws_api_gateway_rest_api.main"
          ]
        }
      ]
    },
    {
      "mode": "managed",
      "type": "aws_api_gateway_integration_response",
      "name": "decision_options",
      "provider": "provider[\"registry.terraform.io/hashicorp/aws\"]",
      "instances": [
        {
          "schema_version": 0,
          "attributes": {
            "content_handling": "",
            "http_method": "OPTIONS",
            "id": "agir-nin1zoih0d-wk6ev4-OPTIONS-200",
            "resource_id": "wk6ev4",
            "response_parameters": {
              "method.response.header.Access-Control-Allow-Headers": "'Content-Type,Authorization'",
              "method.response.header.Access-Control-Allow-Methods": "'POST,OPTIONS'",
              "method.response.header.Access-Control-Allow-Origin": "'*'"
            },
            "response_templates": {},
            "rest_api_id": "nin1zoih0d",
            "selection_pattern": "",
            "status_code": "200"
          },
          "sensitive_attributes": [],
          "identity_schema_version": 0,
          "private": "bnVsbA==",
          "dependencies": [
            "aws_api_gateway_method.decision_options",
            "aws_api_gateway_method_response.decision_options",
            "aws_api_gateway_resource.decision",
            "aws_api_gateway_rest_api.main"
          ]
        }
      ]
    },
    {
      "mode": "managed",
      "type": "aws_api_gateway_integration_response",
      "name": "jobs_options",
      "provider": "provider[\"registry.terraform.io/hashicorp/aws\"]",
      "instances": [
        {
          "schema_version": 0,
          "attributes": {
            "content_handling": "",
            "http_method": "OPTIONS",
            "id": "agir-nin1zoih0d-cjlaoi-OPTIONS-200",
            "resource_id": "cjlaoi",
            "response_parameters": {
              "method.response.header.Access-Control-Allow-Headers": "'Content-Type,Authorization'",
              "method.response.header.Access-Control-Allow-Methods": "'GET,POST,OPTIONS'",
              "method.response.header.Access-Control-Allow-Origin": "'*'"
            },
            "response_templates": {},
            "rest_api_id": "nin1zoih0d",
            "selection_pattern": "",
            "status_code": "200"
          },
          "sensitive_attributes": [],
          "identity_schema_version": 0,
          "private": "bnVsbA==",
          "dependencies": [
            "aws_api_gateway_method.jobs_options",
            "aws_api_gateway_method_response.jobs_options",
            "aws_api_gateway_resource.jobs",
            "aws_api_gateway_rest_api.main"
          ]
        }
      ]
    },
    {
      "mode": "managed",
      "type": "aws_api_gateway_integration_response",
      "name": "submit_options",
      "provider": "provider[\"registry.terraform.io/hashicorp/aws\"]",
      "instances": [
        {
          "schema_version": 0,
          "attributes": {
            "content_handling": "",
            "http_method": "OPTIONS",
            "id": "agir-nin1zoih0d-1myw3q-OPTIONS-200",
            "resource_id": "1myw3q",
            "response_parameters": {
              "method.response.header.Access-Control-Allow-Headers": "'Content-Type,Authorization'",
              "method.response.header.Access-Control-Allow-Methods": "'POST,OPTIONS'",
              "method.response.header.Access-Control-Allow-Origin": "'*'"
            },
            "response_templates": {},
            "rest_api_id": "nin1zoih0d",
            "selection_pattern": "",
            "status_code": "200"
          },
          "sensitive_attributes": [],
          "identity_schema_version": 0,
          "private": "bnVsbA==",
          "dependencies": [
            "aws_api_gateway_method.submit_options",
            "aws_api_gateway_method_response.submit_options",
            "aws_api_gateway_resource.submit",
            "aws_api_gateway_rest_api.main"
          ]
        }
      ]
    },
    {
      "mode": "managed",
      "type": "aws_api_gateway_method",
      "name": "code_submit_options",
      "provider": "provider[\"registry.terraform.io/hashicorp/aws\"]",
      "instances": [
        {
          "schema_version": 0,
          "attributes": {
            "api_key_required": false,
            "authorization": "NONE",
            "authorization_scopes": [],
            "authorizer_id": "",
            "http_method": "OPTIONS",
            "id": "agm-nin1zoih0d-yq7ran-OPTIONS",
            "operation_name": "",
            "request_models": {},
            "request_parameters": {},
            "request_validator_id": "",
            "resource_id": "yq7ran",
            "rest_api_id": "nin1zoih0d"
          },
          "sensitive_attributes": [],
          "identity_schema_version": 0,
          "private": "bnVsbA==",
          "dependencies": [
            "aws_api_gateway_resource.code_submit",
            "aws_api_gateway_rest_api.main"
          ]
        }
      ]
    },
    {
      "mode": "managed",
      "type": "aws_api_gateway_method",
      "name": "code_submit_post",
      "provider": "provider[\"registry.terraform.io/hashicorp/aws\"]",
      "instances": [
        {
          "schema_version": 0,
          "attributes": {
            "api_key_required": false,
            "authorization": "NONE",
            "authorization_scopes": [],
            "authorizer_id": "",
            "http_method": "POST",
            "id": "agm-nin1zoih0d-yq7ran-POST",
            "operation_name": "",
            "request_models": {},
            "request_parameters": {},
            "request_validator_id": "",
            "resource_id": "yq7ran",
            "rest_api_id": "nin1zoih0d"
          },
          "sensitive_attributes": [],
          "identity_schema_version": 0,
          "private": "bnVsbA==",
          "dependencies": [
            "aws_api_gateway_resource.code_submit",
            "aws_api_gateway_rest_api.main"
          ],
          "create_before_destroy": true
        }
      ]
    },
    {
      "mode": "managed",
      "type": "aws_api_gateway_method",
      "name": "decision_options",
      "provider": "provider[\"registry.terraform.io/hashicorp/aws\"]",
      "instances": [
        {
          "schema_version": 0,
          "attributes": {
            "api_key_required": false,
            "authorization": "NONE",
            "authorization_scopes": [],
            "authorizer_id": "",
            "http_method": "OPTIONS",
            "id": "agm-nin1zoih0d-wk6ev4-OPTIONS",
            "operation_name": "",
            "request_models": {},
            "request_parameters": {},
            "request_validator_id": "",
            "resource_id": "wk6ev4",
            "rest_api_id": "nin1zoih0d"
          },
          "sensitive_attributes": [],
          "identity_schema_version": 0,
          "private": "bnVsbA==",
          "dependencies": [
            "aws_api_gateway_resource.decision",
            "aws_api_gateway_rest_api.main"
          ]
        }
      ]
    },
    {
      "mode": "managed",
      "type": "aws_api_gateway_method",
      "name": "decision_post",
      "provider": "provider[\"registry.terraform.io/hashicorp/aws\"]",
      "instances": [
        {
          "schema_version": 0,
          "attributes": {
            "api_key_required": false,
            "authorization": "CUSTOM",
            "authorization_scopes": [],
            "authorizer_id": "4bivnx",
            "http_method": "POST",
            "id": "agm-nin1zoih0d-wk6ev4-POST",
            "operation_name": "",
            "request_models": {},
            "request_parameters": {},
            "request_validator_id": "",
            "resource_id": "wk6ev4",
            "rest_api_id": "nin1zoih0d"
          },
          "sensitive_attributes": [],
          "identity_schema_version": 0,
          "private": "bnVsbA==",
          "dependencies": [
            "aws_api_gateway_authorizer.jwt",
            "aws_api_gateway_resource.decision",
            "aws_api_gateway_rest_api.main",
            "aws_iam_role.api_gateway_exec",
            "aws_iam_role.lambda_exec",
            "aws_lambda_function.authorizer",
            "aws_secretsmanager_secret.jwt_secret",
            "data.archive_file.authorizer"
          ],
          "create_before_destroy": true
        }
      ]
    },
    {
      "mode": "managed",
      "type": "aws_api_gateway_method",
      "name": "jobs_get",
      "provider": "provider[\"registry.terraform.io/hashicorp/aws\"]",
      "instances": [
        {
          "schema_version": 0,
          "attributes": {
            "api_key_required": false,
            "authorization": "NONE",
            "authorization_scopes": [],
            "authorizer_id": "",
            "http_method": "GET",
            "id": "agm-nin1zoih0d-cjlaoi-GET",
            "operation_name": "",
            "request_models": {},
            "request_parameters": {},
            "request_validator_id": "",
            "resource_id": "cjlaoi",
            "rest_api_id": "nin1zoih0d"
          },
          "sensitive_attributes": [],
          "identity_schema_version": 0,
          "private": "bnVsbA==",
          "dependencies": [
            "aws_api_gateway_resource.jobs",
            "aws_api_gateway_rest_api.main"
          ],
          "create_before_destroy": true
        }
      ]
    },
    {
      "mode": "managed",
      "type": "aws_api_gateway_method",
      "name": "jobs_options",
      "provider": "provider[\"registry.terraform.io/hashicorp/aws\"]",
      "instances": [
        {
          "schema_version": 0,
          "attributes": {
            "api_key_required": false,
            "authorization": "NONE",
            "authorization_scopes": [],
            "authorizer_id": "",
            "http_method": "OPTIONS",
            "id": "agm-nin1zoih0d-cjlaoi-OPTIONS",
            "operation_name": "",
            "request_models": {},
            "request_parameters": {},
            "request_validator_id": "",
            "resource_id": "cjlaoi",
            "rest_api_id": "nin1zoih0d"
          },
          "sensitive_attributes": [],
          "identity_schema_version": 0,
          "private": "bnVsbA==",
          "dependencies": [
            "aws_api_gateway_resource.jobs",
            "aws_api_gateway_rest_api.main"
          ]
        }
      ]
    },
    {
      "mode": "managed",
      "type": "aws_api_gateway_method",
      "name": "jobs_post",
      "provider": "provider[\"registry.terraform.io/hashicorp/aws\"]",
      "instances": [
        {
          "schema_version": 0,
          "attributes": {
            "api_key_required": false,
            "authorization": "CUSTOM",
            "authorization_scopes": [],
            "authorizer_id": "4bivnx",
            "http_method": "POST",
            "id": "agm-nin1zoih0d-cjlaoi-POST",
            "operation_name": "",
            "request_models": {},
            "request_parameters": {},
            "request_validator_id": "",
            "resource_id": "cjlaoi",
            "rest_api_id": "nin1zoih0d"
          },
          "sensitive_attributes": [],
          "identity_schema_version": 0,
          "private": "bnVsbA==",
          "dependencies": [
            "aws_api_gateway_authorizer.jwt",
            "aws_api_gateway_resource.jobs",
            "aws_api_gateway_rest_api.main",
            "aws_iam_role.api_gateway_exec",
            "aws_iam_role.lambda_exec",
            "aws_lambda_function.authorizer",
            "aws_secretsmanager_secret.jwt_secret",
            "data.archive_file.authorizer"
          ]
        }
      ]
    },
    {
      "mode": "managed",
      "type": "aws_api_gateway_method",
      "name": "questions_get",
      "provider": "provider[\"registry.terraform.io/hashicorp/aws\"]",
      "instances": [
        {
          "schema_version": 0,
          "attributes": {
            "api_key_required": false,
            "authorization": "NONE",
            "authorization_scopes": [],
            "authorizer_id": "",
            "http_method": "GET",
            "id": "agm-nin1zoih0d-f7twrd-GET",
            "operation_name": "",
            "request_models": {},
            "request_parameters": {},
            "request_validator_id": "",
            "resource_id": "f7twrd",
            "rest_api_id": "nin1zoih0d"
          },
          "sensitive_attributes": [],
          "identity_schema_version": 0,
          "private": "bnVsbA==",
          "dependencies": [
            "aws_api_gateway_resource.questions",
            "aws_api_gateway_rest_api.main"
          ],
          "create_before_destroy": true
        }
      ]
    },
    {
      "mode": "managed",
      "type": "aws_api_gateway_method",
      "name": "report_get",
      "provider": "provider[\"registry.terraform.io/hashicorp/aws\"]",
      "instances": [
        {
          "schema_version": 0,
          "attributes": {
            "api_key_required": false,
            "authorization": "NONE",
            "authorization_scopes": [],
            "authorizer_id": "",
            "http_method": "GET",
            "id": "agm-nin1zoih0d-1s4w2r-GET",
            "operation_name": "",
            "request_models": {},
            "request_parameters": {},
            "request_validator_id": "",
            "resource_id": "1s4w2r",
            "rest_api_id": "nin1zoih0d"
          },
          "sensitive_attributes": [],
          "identity_schema_version": 0,
          "private": "bnVsbA==",
          "dependencies": [
            "aws_api_gateway_resource.report",
            "aws_api_gateway_rest_api.main"
          ],
          "create_before_destroy": true
        }
      ]
    },
    {
      "mode": "managed",
      "type": "aws_api_gateway_method",
      "name": "results_get",
      "provider": "provider[\"registry.terraform.io/hashicorp/aws\"]",
      "instances": [
        {
          "schema_version": 0,
          "attributes": {
            "api_key_required": false,
            "authorization": "NONE",
            "authorization_scopes": [],
            "authorizer_id": "",
            "http_method": "GET",
            "id": "agm-nin1zoih0d-q5d0ce-GET",
            "operation_name": "",
            "request_models": {},
            "request_parameters": {},
            "request_validator_id": "",
            "resource_id": "q5d0ce",
            "rest_api_id": "nin1zoih0d"
          },
          "sensitive_attributes": [],
          "identity_schema_version": 0,
          "private": "bnVsbA==",
          "dependencies": [
            "aws_api_gateway_resource.results",
            "aws_api_gateway_rest_api.main"
          ],
          "create_before_destroy": true
        }
      ]
    },
    {
      "mode": "managed",
      "type": "aws_api_gateway_method",
      "name": "submit_options",
      "provider": "provider[\"registry.terraform.io/hashicorp/aws\"]",
      "instances": [
        {
          "schema_version": 0,
          "attributes": {
            "api_key_required": false,
            "authorization": "NONE",
            "authorization_scopes": [],
            "authorizer_id": "",
            "http_method": "OPTIONS",
            "id": "agm-nin1zoih0d-1myw3q-OPTIONS",
            "operation_name": "",
            "request_models": {},
            "request_parameters": {},
            "request_validator_id": "",
            "resource_id": "1myw3q",
            "rest_api_id": "nin1zoih0d"
          },
          "sensitive_attributes": [],
          "identity_schema_version": 0,
          "private": "bnVsbA==",
          "dependencies": [
            "aws_api_gateway_resource.submit",
            "aws_api_gateway_rest_api.main"
          ]
        }
      ]
    },
    {
      "mode": "managed",
      "type": "aws_api_gateway_method",
      "name": "submit_post",
      "provider": "provider[\"registry.terraform.io/hashicorp/aws\"]",
      "instances": [
        {
          "schema_version": 0,
          "attributes": {
            "api_key_required": false,
            "authorization": "CUSTOM",
            "authorization_scopes": [],
            "authorizer_id": "4bivnx",
            "http_method": "POST",
            "id": "agm-nin1zoih0d-1myw3q-POST",
            "operation_name": "",
            "request_models": {},
            "request_parameters": {},
            "request_validator_id": "",
            "resource_id": "1myw3q",
            "rest_api_id": "nin1zoih0d"
          },
          "sensitive_attributes": [],
          "identity_schema_version": 0,
          "private": "bnVsbA==",
          "dependencies": [
            "aws_api_gateway_authorizer.jwt",
            "aws_api_gateway_resource.submit",
            "aws_api_gateway_rest_api.main",
            "aws_iam_role.api_gateway_exec",
            "aws_iam_role.lambda_exec",
            "aws_lambda_function.authorizer",
            "aws_secretsmanager_secret.jwt_secret",
            "data.archive_file.authorizer"
          ],
          "create_before_destroy": true
        }
      ]
    },
    {
      "mode": "managed",
      "type": "aws_api_gateway_method_response",
      "name": "code_submit_options",
      "provider": "provider[\"registry.terraform.io/hashicorp/aws\"]",
      "instances": [
        {
          "schema_version": 0,
          "attributes": {
            "http_method": "OPTIONS",
            "id": "agmr-nin1zoih0d-yq7ran-OPTIONS-200",
            "resource_id": "yq7ran",
            "response_models": {},
            "response_parameters": {
              "method.response.header.Access-Control-Allow-Headers": true,
              "method.response.header.Access-Control-Allow-Methods": true,
              "method.response.header.Access-Control-Allow-Origin": true
            },
            "rest_api_id": "nin1zoih0d",
            "status_code": "200"
          },
          "sensitive_attributes": [],
          "identity_schema_version": 0,
          "private": "bnVsbA==",
          "dependencies": [
            "aws_api_gateway_method.code_submit_options",
            "aws_api_gateway_resource.code_submit",
            "aws_api_gateway_rest_api.main"
          ]
        }
      ]
    },
    {
      "mode": "managed",
      "type": "aws_api_gateway_method_response",
      "name": "decision_options",
      "provider": "provider[\"registry.terraform.io/hashicorp/aws\"]",
      "instances": [
        {
          "schema_version": 0,
          "attributes": {
            "http_method": "OPTIONS",
            "id": "agmr-nin1zoih0d-wk6ev4-OPTIONS-200",
            "resource_id": "wk6ev4",
            "response_models": {},
            "response_parameters": {
              "method.response.header.Access-Control-Allow-Headers": true,
              "method.response.header.Access-Control-Allow-Methods": true,
              "method.response.header.Access-Control-Allow-Origin": true
            },
            "rest_api_id": "nin1zoih0d",
            "status_code": "200"
          },
          "sensitive_attributes": [],
          "identity_schema_version": 0,
          "private": "bnVsbA==",
          "dependencies": [
            "aws_api_gateway_method.decision_options",
            "aws_api_gateway_resource.decision",
            "aws_api_gateway_rest_api.main"
          ]
        }
      ]
    },
    {
      "mode": "managed",
      "type": "aws_api_gateway_method_response",
      "name": "jobs_options",
      "provider": "provider[\"registry.terraform.io/hashicorp/aws\"]",
      "instances": [
        {
          "schema_version": 0,
          "attributes": {
            "http_method": "OPTIONS",
            "id": "agmr-nin1zoih0d-cjlaoi-OPTIONS-200",
            "resource_id": "cjlaoi",
            "response_models": {},
            "response_parameters": {
              "method.response.header.Access-Control-Allow-Headers": true,
              "method.response.header.Access-Control-Allow-Methods": true,
              "method.response.header.Access-Control-Allow-Origin": true
            },
            "rest_api_id": "nin1zoih0d",
            "status_code": "200"
          },
          "sensitive_attributes": [],
          "identity_schema_version": 0,
          "private": "bnVsbA==",
          "dependencies": [
            "aws_api_gateway_method.jobs_options",
            "aws_api_gateway_resource.jobs",
            "aws_api_gateway_rest_api.main"
          ]
        }
      ]
    },
    {
      "mode": "managed",
      "type": "aws_api_gateway_method_response",
      "name": "submit_options",
      "provider": "provider[\"registry.terraform.io/hashicorp/aws\"]",
      "instances": [
        {
          "schema_version": 0,
          "attributes": {
            "http_method": "OPTIONS",
            "id": "agmr-nin1zoih0d-1myw3q-OPTIONS-200",
            "resource_id": "1myw3q",
            "response_models": {},
            "response_parameters": {
              "method.response.header.Access-Control-Allow-Headers": true,
              "method.response.header.Access-Control-Allow-Methods": true,
              "method.response.header.Access-Control-Allow-Origin": true
            },
            "rest_api_id": "nin1zoih0d",
            "status_code": "200"
          },
          "sensitive_attributes": [],
          "identity_schema_version": 0,
          "private": "bnVsbA==",
          "dependencies": [
            "aws_api_gateway_method.submit_options",
            "aws_api_gateway_resource.submit",
            "aws_api_gateway_rest_api.main"
          ]
        }
      ]
    },
    {
      "mode": "managed",
      "type": "aws_api_gateway_resource",
      "name": "code_submit",
      "provider": "provider[\"registry.terraform.io/hashicorp/aws\"]",
      "instances": [
        {
          "schema_version": 0,
          "attributes": {
            "id": "yq7ran",
            "parent_id": "9v582c1ali",
            "path": "/code-submit",
            "path_part": "code-submit",
            "rest_api_id": "nin1zoih0d"
          },
          "sensitive_attributes": [],
          "identity_schema_version": 0,
          "private": "bnVsbA==",
          "dependencies": [
            "aws_api_gateway_rest_api.main"
          ],
          "create_before_destroy": true
        }
      ]
    },
    {
      "mode": "managed",
      "type": "aws_api_gateway_resource",
      "name": "decision",
      "provider": "provider[\"registry.terraform.io/hashicorp/aws\"]",
      "instances": [
        {
          "schema_version": 0,
          "attributes": {
            "id": "wk6ev4",
            "parent_id": "9v582c1ali",
            "path": "/decision",
            "path_part": "decision",
            "rest_api_id": "nin1zoih0d"
          },
          "sensitive_attributes": [],
          "identity_schema_version": 0,
          "private": "bnVsbA==",
          "dependencies": [
            "aws_api_gateway_rest_api.main"
          ],
          "create_before_destroy": true
        }
      ]
    },
    {
      "mode": "managed",
      "type": "aws_api_gateway_resource",
      "name": "jobs",
      "provider": "provider[\"registry.terraform.io/hashicorp/aws\"]",
      "instances": [
        {
          "schema_version": 0,
          "attributes": {
            "id": "cjlaoi",
            "parent_id": "9v582c1ali",
            "path": "/jobs",
            "path_part": "jobs",
            "rest_api_id": "nin1zoih0d"
          },
          "sensitive_attributes": [],
          "identity_schema_version": 0,
          "private": "bnVsbA==",
          "dependencies": [
            "aws_api_gateway_rest_api.main"
          ],
          "create_before_destroy": true
        }
      ]
    },
    {
      "mode": "managed",
      "type": "aws_api_gateway_resource",
      "name": "questions",
      "provider": "provider[\"registry.terraform.io/hashicorp/aws\"]",
      "instances": [
        {
          "schema_version": 0,
          "attributes": {
            "id": "f7twrd",
            "parent_id": "9v582c1ali",
            "path": "/questions",
            "path_part": "questions",
            "rest_api_id": "nin1zoih0d"
          },
          "sensitive_attributes": [],
          "identity_schema_version": 0,
          "private": "bnVsbA==",
          "dependencies": [
            "aws_api_gateway_rest_api.main"
          ],
          "create_before_destroy": true
        }
      ]
    },
    {
      "mode": "managed",
      "type": "aws_api_gateway_resource",
      "name": "report",
      "provider": "provider[\"registry.terraform.io/hashicorp/aws\"]",
      "instances": [
        {
          "schema_version": 0,
          "attributes": {
            "id": "1s4w2r",
            "parent_id": "9v582c1ali",
            "path": "/report",
            "path_part": "report",
            "rest_api_id": "nin1zoih0d"
          },
          "sensitive_attributes": [],
          "identity_schema_version": 0,
          "private": "bnVsbA==",
          "dependencies": [
            "aws_api_gateway_rest_api.main"
          ],
          "create_before_destroy": true
        }
      ]
    },
    {
      "mode": "managed",
      "type": "aws_api_gateway_resource",
      "name": "results",
      "provider": "provider[\"registry.terraform.io/hashicorp/aws\"]",
      "instances": [
        {
          "schema_version": 0,
          "attributes": {
            "id": "q5d0ce",
            "parent_id": "9v582c1ali",
            "path": "/results",
            "path_part": "results",
            "rest_api_id": "nin1zoih0d"
          },
          "sensitive_attributes": [],
          "identity_schema_version": 0,
          "private": "bnVsbA==",
          "dependencies": [
            "aws_api_gateway_rest_api.main"
          ],
          "create_before_destroy": true
        }
      ]
    },
    {
      "mode": "managed",
      "type": "aws_api_gateway_resource",
      "name": "submit",
      "provider": "provider[\"registry.terraform.io/hashicorp/aws\"]",
      "instances": [
        {
          "schema_version": 0,
          "attributes": {
            "id": "1myw3q",
            "parent_id": "9v582c1ali",
            "path": "/submit",
            "path_part": "submit",
            "rest_api_id": "nin1zoih0d"
          },
          "sensitive_attributes": [],
          "identity_schema_version": 0,
          "private": "bnVsbA==",
          "dependencies": [
            "aws_api_gateway_rest_api.main"
          ],
          "create_before_destroy": true
        }
      ]
    },
    {
      "mode": "managed",
      "type": "aws_api_gateway_rest_api",
      "name": "main",
      "provider": "provider[\"registry.terraform.io/hashicorp/aws\"]",
      "instances": [
        {
          "schema_version": 0,
          "attributes": {
            "api_key_source": "HEADER",
            "arn": "arn:aws:apigateway:ap-south-1::/restapis/nin1zoih0d",
            "binary_media_types": [],
            "body": null,
            "created_date": "2026-05-11T20:50:29Z",
            "description": "Serverless Recruitment System API",
            "disable_execute_api_endpoint": false,
            "endpoint_configuration": [
              {
                "ip_address_type": "ipv4",
                "types": [
                  "EDGE"
                ],
                "vpc_endpoint_ids": []
              }
            ],
            "execution_arn": "arn:aws:execute-api:ap-south-1:135808961840:nin1zoih0d",
            "fail_on_warnings": null,
            "id": "nin1zoih0d",
            "minimum_compression_size": "",
            "name": "serverless-recruitment-api",
            "parameters": null,
            "policy": "",
            "put_rest_api_mode": null,
            "root_resource_id": "9v582c1ali",
            "tags": {
              "Project": "serverless-recruitment"
            },
            "tags_all": {
              "Project": "serverless-recruitment"
            }
          },
          "sensitive_attributes": [],
          "identity_schema_version": 0,
          "private": "bnVsbA==",
          "create_before_destroy": true
        }
      ]
    },
    {
      "mode": "managed",
      "type": "aws_api_gateway_stage",
      "name": "prod",
      "provider": "provider[\"registry.terraform.io/hashicorp/aws\"]",
      "instances": [
        {
          "schema_version": 0,
          "attributes": {
            "access_log_settings": [],
            "arn": "arn:aws:apigateway:ap-south-1::/restapis/nin1zoih0d/stages/prod",
            "cache_cluster_enabled": false,
            "cache_cluster_size": "",
            "canary_settings": [],
            "client_certificate_id": "",
            "deployment_id": "ga1for",
            "description": "",
            "documentation_version": "",
            "execution_arn": "arn:aws:execute-api:ap-south-1:135808961840:nin1zoih0d/prod",
            "id": "ags-nin1zoih0d-prod",
            "invoke_url": "https://nin1zoih0d.execute-api.ap-south-1.amazonaws.com/prod",
            "rest_api_id": "nin1zoih0d",
            "stage_name": "prod",
            "tags": {
              "Project": "serverless-recruitment"
            },
            "tags_all": {
              "Project": "serverless-recruitment"
            },
            "variables": {},
            "web_acl_arn": "",
            "xray_tracing_enabled": false
          },
          "sensitive_attributes": [],
          "identity_schema_version": 0,
          "private": "bnVsbA==",
          "dependencies": [
            "aws_api_gateway_authorizer.jwt",
            "aws_api_gateway_deployment.v2",
            "aws_api_gateway_integration.code_submit_post",
            "aws_api_gateway_integration.decision_post",
            "aws_api_gateway_integration.jobs_get",
            "aws_api_gateway_integration.questions_get",
            "aws_api_gateway_integration.report_get",
            "aws_api_gateway_integration.results_get",
            "aws_api_gateway_integration.submit_post",
            "aws_api_gateway_method.code_submit_post",
            "aws_api_gateway_method.decision_post",
            "aws_api_gateway_method.jobs_get",
            "aws_api_gateway_method.questions_get",
            "aws_api_gateway_method.report_get",
            "aws_api_gateway_method.results_get",
            "aws_api_gateway_method.submit_post",
            "aws_api_gateway_resource.code_submit",
            "aws_api_gateway_resource.decision",
            "aws_api_gateway_resource.jobs",
            "aws_api_gateway_resource.questions",
            "aws_api_gateway_resource.report",
            "aws_api_gateway_resource.results",
            "aws_api_gateway_resource.submit",
            "aws_api_gateway_rest_api.main",
            "aws_dynamodb_table.submissions",
            "aws_iam_role.api_gateway_exec",
            "aws_iam_role.lambda_exec",
            "aws_lambda_function.authorizer",
            "aws_lambda_function.ingress",
            "aws_s3_bucket.submissions",
            "aws_secretsmanager_secret.jwt_secret",
            "aws_sqs_queue.code",
            "aws_sqs_queue.code_dlq",
            "aws_sqs_queue.question",
            "aws_sqs_queue.question_dlq",
            "aws_sqs_queue.resume",
            "aws_sqs_queue.resume_dlq",
            "data.archive_file.authorizer",
            "data.archive_file.ingress",
            "data.aws_caller_identity.current"
          ]
        }
      ]
    },
    {
      "mode": "managed",
      "type": "aws_cloudwatch_dashboard",
      "name": "business",
      "provider": "provider[\"registry.terraform.io/hashicorp/aws\"]",
      "instances": [
        {
          "schema_version": 0,
          "attributes": {
            "dashboard_arn": "arn:aws:cloudwatch::135808961840:dashboard/serverless-recruitment-business",
            "dashboard_body": "{\"widgets\":[{\"type\":\"metric\",\"x\":0,\"y\":0,\"width\":24,\"height\":6,\"properties\":{\"metrics\":[[\"AWS/DynamoDB\",\"ConsumedReadCapacityUnits\",\"TableName\",\"serverless-recruitment-submissions\"]],\"period\":300,\"stat\":\"Sum\",\"region\":\"ap-south-1\",\"title\":\"DynamoDB Reads\"}},{\"type\":\"metric\",\"x\":0,\"y\":6,\"width\":12,\"height\":6,\"properties\":{\"metrics\":[[\"AWS/ApiGateway\",\"Count\",\"ApiName\",\"serverless-recruitment-api\"]],\"period\":300,\"stat\":\"Sum\",\"region\":\"ap-south-1\",\"title\":\"API Requests\"}},{\"type\":\"metric\",\"x\":12,\"y\":6,\"width\":12,\"height\":6,\"properties\":{\"metrics\":[[\"AWS/SQS\",\"ApproximateNumberOfMessagesVisible\",\"QueueName\",\"serverless-recruitment-resume-dlq\"]],\"period\":300,\"stat\":\"Maximum\",\"region\":\"ap-south-1\",\"title\":\"DLQ Messages\"}}]}",
            "dashboard_name": "serverless-recruitment-business",
            "id": "serverless-recruitment-business"
          },
          "sensitive_attributes": [],
          "identity_schema_version": 0,
          "private": "bnVsbA=="
        }
      ]
    },
    {
      "mode": "managed",
      "type": "aws_cloudwatch_dashboard",
      "name": "performance",
      "provider": "provider[\"registry.terraform.io/hashicorp/aws\"]",
      "instances": [
        {
          "schema_version": 0,
          "attributes": {
            "dashboard_arn": "arn:aws:cloudwatch::135808961840:dashboard/serverless-recruitment-performance",
            "dashboard_body": "{\"widgets\":[{\"type\":\"metric\",\"x\":0,\"y\":0,\"width\":12,\"height\":6,\"properties\":{\"metrics\":[[\"AWS/Lambda\",\"Duration\",\"FunctionName\",\"serverless-recruitment-resume-eval\"],[\"AWS/Lambda\",\"Duration\",\"FunctionName\",\"serverless-recruitment-code-eval\"]],\"period\":300,\"stat\":\"Average\",\"region\":\"ap-south-1\",\"title\":\"Lambda Duration (ms)\",\"yAxis\":{\"left\":{\"min\":0}}}},{\"type\":\"metric\",\"x\":12,\"y\":0,\"width\":12,\"height\":6,\"properties\":{\"metrics\":[[\"AWS/Lambda\",\"Invocations\",\"FunctionName\",\"serverless-recruitment-resume-eval\"],[\"AWS/Lambda\",\"Invocations\",\"FunctionName\",\"serverless-recruitment-code-eval\"]],\"period\":300,\"stat\":\"Sum\",\"region\":\"ap-south-1\",\"title\":\"Lambda Invocations\"}},{\"type\":\"metric\",\"x\":0,\"y\":6,\"width\":12,\"height\":6,\"properties\":{\"metrics\":[[\"AWS/Lambda\",\"Errors\"]],\"period\":300,\"stat\":\"Sum\",\"region\":\"ap-south-1\",\"title\":\"Lambda Errors\"}},{\"type\":\"metric\",\"x\":12,\"y\":6,\"width\":12,\"height\":6,\"properties\":{\"metrics\":[[\"AWS/SQS\",\"NumberOfMessagesSent\",\"QueueName\",\"serverless-recruitment-resume\"]],\"period\":300,\"stat\":\"Sum\",\"region\":\"ap-south-1\",\"title\":\"SQS Messages\"}}]}",
            "dashboard_name": "serverless-recruitment-performance",
            "id": "serverless-recruitment-performance"
          },
          "sensitive_attributes": [],
          "identity_schema_version": 0,
          "private": "bnVsbA=="
        }
      ]
    },
    {
      "mode": "managed",
      "type": "aws_cloudwatch_log_group",
      "name": "email_notifier",
      "provider": "provider[\"registry.terraform.io/hashicorp/aws\"]",
      "instances": [
        {
          "schema_version": 0,
          "attributes": {
            "arn": "arn:aws:logs:ap-south-1:135808961840:log-group:/aws/lambda/serverless-recruitment-email-notifier",
            "id": "/aws/lambda/serverless-recruitment-email-notifier",
            "kms_key_id": "",
            "log_group_class": "STANDARD",
            "name": "/aws/lambda/serverless-recruitment-email-notifier",
            "name_prefix": "",
            "retention_in_days": 7,
            "skip_destroy": false,
            "tags": {
              "Project": "serverless-recruitment"
            },
            "tags_all": {
              "Project": "serverless-recruitment"
            }
          },
          "sensitive_attributes": [],
          "identity_schema_version": 0,
          "private": "bnVsbA==",
          "dependencies": [
            "aws_iam_role.lambda_exec",
            "aws_lambda_function.email_notifier",
            "data.archive_file.email_notifier"
          ]
        }
      ]
    },
    {
      "mode": "managed",
      "type": "aws_cloudwatch_metric_alarm",
      "name": "dlq_not_empty",
      "provider": "provider[\"registry.terraform.io/hashicorp/aws\"]",
      "instances": [
        {
          "schema_version": 1,
          "attributes": {
            "actions_enabled": true,
            "alarm_actions": [],
            "alarm_description": "Messages in DLQ",
            "alarm_name": "serverless-recruitment-dlq-messages",
            "arn": "arn:aws:cloudwatch:ap-south-1:135808961840:alarm:serverless-recruitment-dlq-messages",
            "comparison_operator": "GreaterThanThreshold",
            "datapoints_to_alarm": 0,
            "dimensions": {
              "QueueName": "serverless-recruitment-resume-dlq"
            },
            "evaluate_low_sample_count_percentiles": "",
            "evaluation_periods": 1,
            "extended_statistic": "",
            "id": "serverless-recruitment-dlq-messages",
            "insufficient_data_actions": [],
            "metric_name": "ApproximateNumberOfMessagesVisible",
            "metric_query": [],
            "namespace": "AWS/SQS",
            "ok_actions": [],
            "period": 300,
            "statistic": "Average",
            "tags": {},
            "tags_all": {},
            "threshold": 0,
            "threshold_metric_id": "",
            "treat_missing_data": "missing",
            "unit": ""
          },
          "sensitive_attributes": [],
          "identity_schema_version": 0,
          "private": "eyJzY2hlbWFfdmVyc2lvbiI6IjEifQ==",
          "dependencies": [
            "aws_sqs_queue.resume_dlq"
          ]
        }
      ]
    },
    {
      "mode": "managed",
      "type": "aws_cloudwatch_metric_alarm",
      "name": "high_error_rate",
      "provider": "provider[\"registry.terraform.io/hashicorp/aws\"]",
      "instances": [
        {
          "schema_version": 1,
          "attributes": {
            "actions_enabled": true,
            "alarm_actions": [],
            "alarm_description": "Lambda errors \u003e 10 in 10min",
            "alarm_name": "serverless-recruitment-high-error-rate",
            "arn": "arn:aws:cloudwatch:ap-south-1:135808961840:alarm:serverless-recruitment-high-error-rate",
            "comparison_operator": "GreaterThanThreshold",
            "datapoints_to_alarm": 0,
            "dimensions": {},
            "evaluate_low_sample_count_percentiles": "",
            "evaluation_periods": 2,
            "extended_statistic": "",
            "id": "serverless-recruitment-high-error-rate",
            "insufficient_data_actions": [],
            "metric_name": "Errors",
            "metric_query": [],
            "namespace": "AWS/Lambda",
            "ok_actions": [],
            "period": 300,
            "statistic": "Sum",
            "tags": {},
            "tags_all": {},
            "threshold": 10,
            "threshold_metric_id": "",
            "treat_missing_data": "notBreaching",
            "unit": ""
          },
          "sensitive_attributes": [],
          "identity_schema_version": 0,
          "private": "eyJzY2hlbWFfdmVyc2lvbiI6IjEifQ=="
        }
      ]
    },
    {
      "mode": "managed",
      "type": "aws_cloudwatch_metric_alarm",
      "name": "high_latency",
      "provider": "provider[\"registry.terraform.io/hashicorp/aws\"]",
      "instances": [
        {
          "schema_version": 1,
          "attributes": {
            "actions_enabled": true,
            "alarm_actions": [],
            "alarm_description": "Lambda \u003e 60s",
            "alarm_name": "serverless-recruitment-high-latency",
            "arn": "arn:aws:cloudwatch:ap-south-1:135808961840:alarm:serverless-recruitment-high-latency",
            "comparison_operator": "GreaterThanThreshold",
            "datapoints_to_alarm": 0,
            "dimensions": {
              "FunctionName": "serverless-recruitment-resume-eval"
            },
            "evaluate_low_sample_count_percentiles": "",
            "evaluation_periods": 2,
            "extended_statistic": "",
            "id": "serverless-recruitment-high-latency",
            "insufficient_data_actions": [],
            "metric_name": "Duration",
            "metric_query": [],
            "namespace": "AWS/Lambda",
            "ok_actions": [],
            "period": 300,
            "statistic": "Average",
            "tags": {},
            "tags_all": {},
            "threshold": 60000,
            "threshold_metric_id": "",
            "treat_missing_data": "missing",
            "unit": ""
          },
          "sensitive_attributes": [],
          "identity_schema_version": 0,
          "private": "eyJzY2hlbWFfdmVyc2lvbiI6IjEifQ==",
          "dependencies": [
            "aws_dynamodb_table.job_configs",
            "aws_dynamodb_table.submissions",
            "aws_iam_role.lambda_exec",
            "aws_lambda_function.resume_eval",
            "aws_s3_bucket.submissions",
            "aws_secretsmanager_secret.ollama_url",
            "data.archive_file.resume_eval",
            "data.aws_caller_identity.current"
          ]
        }
      ]
    },
    {
      "mode": "managed",
      "type": "aws_cloudwatch_query_definition",
      "name": "correlation_trace",
      "provider": "provider[\"registry.terraform.io/hashicorp/aws\"]",
      "instances": [
        {
          "schema_version": 0,
          "attributes": {
            "id": "accdf0ed-8ef8-4e7b-a95c-7d981e18384d",
            "log_group_names": [
              "/aws/lambda/serverless-recruitment-ingress",
              "/aws/lambda/serverless-recruitment-resume-eval",
              "/aws/lambda/serverless-recruitment-code-eval"
            ],
            "name": "serverless-recruitment-correlation-trace",
            "query_definition_id": "accdf0ed-8ef8-4e7b-a95c-7d981e18384d",
            "query_string": "fields @timestamp, function_name, correlation_id, message\n| filter correlation_id = '\u003cINSERT_SUBMISSION_ID\u003e'\n| sort @timestamp asc\n"
          },
          "sensitive_attributes": [],
          "identity_schema_version": 0,
          "private": "bnVsbA==",
          "dependencies": [
            "aws_dynamodb_table.job_configs",
            "aws_dynamodb_table.submissions",
            "aws_iam_role.lambda_exec",
            "aws_lambda_function.code_eval",
            "aws_lambda_function.ingress",
            "aws_lambda_function.resume_eval",
            "aws_s3_bucket.submissions",
            "aws_secretsmanager_secret.ollama_url",
            "aws_sqs_queue.code",
            "aws_sqs_queue.code_dlq",
            "aws_sqs_queue.question",
            "aws_sqs_queue.question_dlq",
            "aws_sqs_queue.resume",
            "aws_sqs_queue.resume_dlq",
            "data.archive_file.code_eval",
            "data.archive_file.ingress",
            "data.archive_file.resume_eval",
            "data.aws_caller_identity.current"
          ]
        }
      ]
    },
    {
      "mode": "managed",
      "type": "aws_cloudwatch_query_definition",
      "name": "error_analysis",
      "provider": "provider[\"registry.terraform.io/hashicorp/aws\"]",
      "instances": [
        {
          "schema_version": 0,
          "attributes": {
            "id": "03c5940b-6f68-4421-8197-4d70db2f368b",
            "log_group_names": [
              "/aws/lambda/serverless-recruitment-resume-eval",
              "/aws/lambda/serverless-recruitment-code-eval"
            ],
            "name": "serverless-recruitment-errors",
            "query_definition_id": "03c5940b-6f68-4421-8197-4d70db2f368b",
            "query_string": "fields @timestamp, level, message\n| filter level = 'ERROR'\n| stats count() by bin(5m)\n"
          },
          "sensitive_attributes": [],
          "identity_schema_version": 0,
          "private": "bnVsbA==",
          "dependencies": [
            "aws_dynamodb_table.job_configs",
            "aws_dynamodb_table.submissions",
            "aws_iam_role.lambda_exec",
            "aws_lambda_function.code_eval",
            "aws_lambda_function.resume_eval",
            "aws_s3_bucket.submissions",
            "aws_secretsmanager_secret.ollama_url",
            "data.archive_file.code_eval",
            "data.archive_file.resume_eval",
            "data.aws_caller_identity.current"
          ]
        }
      ]
    },
    {
      "mode": "managed",
      "type": "aws_dynamodb_table",
      "name": "job_configs",
      "provider": "provider[\"registry.terraform.io/hashicorp/aws\"]",
      "instances": [
        {
          "schema_version": 1,
          "attributes": {
            "arn": "arn:aws:dynamodb:ap-south-1:135808961840:table/serverless-recruitment-job-configs",
            "attribute": [
              {
                "name": "job_id",
                "type": "S"
              }
            ],
            "billing_mode": "PAY_PER_REQUEST",
            "deletion_protection_enabled": false,
            "global_secondary_index": [],
            "hash_key": "job_id",
            "id": "serverless-recruitment-job-configs",
            "import_table": [],
            "local_secondary_index": [],
            "name": "serverless-recruitment-job-configs",
            "on_demand_throughput": [],
            "point_in_time_recovery": [
              {
                "enabled": false,
                "recovery_period_in_days": 0
              }
            ],
            "range_key": null,
            "read_capacity": 0,
            "replica": [],
            "restore_date_time": null,
            "restore_source_name": null,
            "restore_source_table_arn": null,
            "restore_to_latest_time": null,
            "server_side_encryption": [],
            "stream_arn": "",
            "stream_enabled": false,
            "stream_label": "",
            "stream_view_type": "",
            "table_class": "STANDARD",
            "tags": {
              "Project": "serverless-recruitment"
            },
            "tags_all": {
              "Project": "serverless-recruitment"
            },
            "timeouts": null,
            "ttl": [
              {
                "attribute_name": "",
                "enabled": false
              }
            ],
            "write_capacity": 0
          },
          "sensitive_attributes": [],
          "identity_schema_version": 0,
          "private": "eyJlMmJmYjczMC1lY2FhLTExZTYtOGY4OC0zNDM2M2JjN2M0YzAiOnsiY3JlYXRlIjoxODAwMDAwMDAwMDAwLCJkZWxldGUiOjYwMDAwMDAwMDAwMCwidXBkYXRlIjozNjAwMDAwMDAwMDAwfSwic2NoZW1hX3ZlcnNpb24iOiIxIn0="
        }
      ]
    },
    {
      "mode": "managed",
      "type": "aws_dynamodb_table",
      "name": "submissions",
      "provider": "provider[\"registry.terraform.io/hashicorp/aws\"]",
      "instances": [
        {
          "schema_version": 1,
          "attributes": {
            "arn": "arn:aws:dynamodb:ap-south-1:135808961840:table/serverless-recruitment-submissions",
            "attribute": [
              {
                "name": "submission_id",
                "type": "S"
              }
            ],
            "billing_mode": "PAY_PER_REQUEST",
            "deletion_protection_enabled": false,
            "global_secondary_index": [],
            "hash_key": "submission_id",
            "id": "serverless-recruitment-submissions",
            "import_table": [],
            "local_secondary_index": [],
            "name": "serverless-recruitment-submissions",
            "on_demand_throughput": [],
            "point_in_time_recovery": [
              {
                "enabled": false,
                "recovery_period_in_days": 0
              }
            ],
            "range_key": null,
            "read_capacity": 0,
            "replica": [],
            "restore_date_time": null,
            "restore_source_name": null,
            "restore_source_table_arn": null,
            "restore_to_latest_time": null,
            "server_side_encryption": [],
            "stream_arn": "",
            "stream_enabled": false,
            "stream_label": "",
            "stream_view_type": "",
            "table_class": "STANDARD",
            "tags": {
              "Project": "serverless-recruitment"
            },
            "tags_all": {
              "Project": "serverless-recruitment"
            },
            "timeouts": null,
            "ttl": [
              {
                "attribute_name": "expires_at",
                "enabled": true
              }
            ],
            "write_capacity": 0
          },
          "sensitive_attributes": [],
          "identity_schema_version": 0,
          "private": "eyJlMmJmYjczMC1lY2FhLTExZTYtOGY4OC0zNDM2M2JjN2M0YzAiOnsiY3JlYXRlIjoxODAwMDAwMDAwMDAwLCJkZWxldGUiOjYwMDAwMDAwMDAwMCwidXBkYXRlIjozNjAwMDAwMDAwMDAwfSwic2NoZW1hX3ZlcnNpb24iOiIxIn0=",
          "create_before_destroy": true
        }
      ]
    },
    {
      "mode": "managed",
      "type": "aws_iam_role",
      "name": "api_gateway_exec",
      "provider": "provider[\"registry.terraform.io/hashicorp/aws\"]",
      "instances": [
        {
          "schema_version": 0,
          "attributes": {
            "arn": "arn:aws:iam::135808961840:role/serverless-recruitment-apigw-exec",
            "assume_role_policy": "{\"Statement\":[{\"Action\":\"sts:AssumeRole\",\"Effect\":\"Allow\",\"Principal\":{\"Service\":\"apigateway.amazonaws.com\"}}],\"Version\":\"2012-10-17\"}",
            "create_date": "2026-05-11T20:50:28Z",
            "description": "",
            "force_detach_policies": false,
            "id": "serverless-recruitment-apigw-exec",
            "inline_policy": [
              {
                "name": "serverless-recruitment-apigw-policy",
                "policy": "{\"Version\":\"2012-10-17\",\"Statement\":[{\"Action\":\"lambda:InvokeFunction\",\"Effect\":\"Allow\",\"Resource\":[\"arn:aws:lambda:ap-south-1:135808961840:function:serverless-recruitment-authorizer\",\"arn:aws:lambda:ap-south-1:135808961840:function:serverless-recruitment-ingress\"]}]}"
              }
            ],
            "managed_policy_arns": [],
            "max_session_duration": 3600,
            "name": "serverless-recruitment-apigw-exec",
            "name_prefix": "",
            "path": "/",
            "permissions_boundary": "",
            "tags": {},
            "tags_all": {},
            "unique_id": "AROAR7HWYJUYENV6JGVEW"
          },
          "sensitive_attributes": [],
          "identity_schema_version": 0,
          "private": "bnVsbA==",
          "create_before_destroy": true
        }
      ]
    },
    {
      "mode": "managed",
      "type": "aws_iam_role",
      "name": "lambda_exec",
      "provider": "provider[\"registry.terraform.io/hashicorp/aws\"]",
      "instances": [
        {
          "schema_version": 0,
          "attributes": {
            "arn": "arn:aws:iam::135808961840:role/serverless-recruitment-lambda-exec",
            "assume_role_policy": "{\"Statement\":[{\"Action\":\"sts:AssumeRole\",\"Effect\":\"Allow\",\"Principal\":{\"Service\":\"lambda.amazonaws.com\"}}],\"Version\":\"2012-10-17\"}",
            "create_date": "2026-05-11T20:50:29Z",
            "description": "",
            "force_detach_policies": false,
            "id": "serverless-recruitment-lambda-exec",
            "inline_policy": [
              {
                "name": "serverless-recruitment-lambda-job-configs-policy",
                "policy": "{\"Version\":\"2012-10-17\",\"Statement\":[{\"Action\":[\"dynamodb:PutItem\",\"dynamodb:GetItem\",\"dynamodb:UpdateItem\",\"dynamodb:DeleteItem\",\"dynamodb:Scan\"],\"Effect\":\"Allow\",\"Resource\":\"arn:aws:dynamodb:ap-south-1:135808961840:table/serverless-recruitment-job-configs\"}]}"
              },
              {
                "name": "serverless-recruitment-lambda-policy",
                "policy": "{\"Version\":\"2012-10-17\",\"Statement\":[{\"Action\":[\"s3:PutObject\",\"s3:GetObject\",\"s3:DeleteObject\"],\"Effect\":\"Allow\",\"Resource\":\"arn:aws:s3:::serverless-recruitment-submissions-135808961840/*\"},{\"Action\":[\"dynamodb:PutItem\",\"dynamodb:GetItem\",\"dynamodb:UpdateItem\",\"dynamodb:Query\",\"dynamodb:Scan\"],\"Effect\":\"Allow\",\"Resource\":\"arn:aws:dynamodb:ap-south-1:135808961840:table/serverless-recruitment-submissions\"},{\"Action\":[\"sqs:SendMessage\",\"sqs:ReceiveMessage\",\"sqs:DeleteMessage\",\"sqs:GetQueueAttributes\"],\"Effect\":\"Allow\",\"Resource\":[\"arn:aws:sqs:ap-south-1:135808961840:serverless-recruitment-resume\",\"arn:aws:sqs:ap-south-1:135808961840:serverless-recruitment-code\",\"arn:aws:sqs:ap-south-1:135808961840:serverless-recruitment-resume-dlq\",\"arn:aws:sqs:ap-south-1:135808961840:serverless-recruitment-code-dlq\"]},{\"Action\":[\"secretsmanager:GetSecretValue\"],\"Effect\":\"Allow\",\"Resource\":[\"arn:aws:secretsmanager:ap-south-1:135808961840:secret:serverless-recruitment/jwt-secret-BP3FfK\",\"arn:aws:secretsmanager:ap-south-1:135808961840:secret:serverless-recruitment/ollama-ngrok-url-ZudmO4\"]}]}"
              },
              {
                "name": "serverless-recruitment-lambda-question-queue-policy",
                "policy": "{\"Version\":\"2012-10-17\",\"Statement\":[{\"Action\":[\"sqs:SendMessage\",\"sqs:ReceiveMessage\",\"sqs:DeleteMessage\",\"sqs:GetQueueAttributes\"],\"Effect\":\"Allow\",\"Resource\":[\"arn:aws:sqs:ap-south-1:135808961840:serverless-recruitment-question\",\"arn:aws:sqs:ap-south-1:135808961840:serverless-recruitment-question-dlq\"]}]}"
              },
              {
                "name": "serverless-recruitment-lambda-smtp-secret-policy",
                "policy": "{\"Version\":\"2012-10-17\",\"Statement\":[{\"Action\":[\"secretsmanager:GetSecretValue\"],\"Effect\":\"Allow\",\"Resource\":\"arn:aws:secretsmanager:ap-south-1:*:secret:serverless-recruitment/smtp-credentials*\"}]}"
              }
            ],
            "managed_policy_arns": [
              "arn:aws:iam::aws:policy/service-role/AWSLambdaBasicExecutionRole"
            ],
            "max_session_duration": 3600,
            "name": "serverless-recruitment-lambda-exec",
            "name_prefix": "",
            "path": "/",
            "permissions_boundary": "",
            "tags": {
              "Project": "serverless-recruitment"
            },
            "tags_all": {
              "Project": "serverless-recruitment"
            },
            "unique_id": "AROAR7HWYJUYM3WXO7QIO"
          },
          "sensitive_attributes": [],
          "identity_schema_version": 0,
          "private": "bnVsbA==",
          "create_before_destroy": true
        }
      ]
    },
    {
      "mode": "managed",
      "type": "aws_iam_role_policy",
      "name": "api_gateway_exec",
      "provider": "provider[\"registry.terraform.io/hashicorp/aws\"]",
      "instances": [
        {
          "schema_version": 0,
          "attributes": {
            "id": "serverless-recruitment-apigw-exec:serverless-recruitment-apigw-policy",
            "name": "serverless-recruitment-apigw-policy",
            "name_prefix": "",
            "policy": "{\"Version\":\"2012-10-17\",\"Statement\":[{\"Action\":\"lambda:InvokeFunction\",\"Effect\":\"Allow\",\"Resource\":[\"arn:aws:lambda:ap-south-1:135808961840:function:serverless-recruitment-authorizer\",\"arn:aws:lambda:ap-south-1:135808961840:function:serverless-recruitment-ingress\"]}]}",
            "role": "serverless-recruitment-apigw-exec"
          },
          "sensitive_attributes": [],
          "identity_schema_version": 0,
          "private": "bnVsbA==",
          "dependencies": [
            "aws_dynamodb_table.submissions",
            "aws_iam_role.api_gateway_exec",
            "aws_iam_role.lambda_exec",
            "aws_lambda_function.authorizer",
            "aws_lambda_function.ingress",
            "aws_s3_bucket.submissions",
            "aws_secretsmanager_secret.jwt_secret",
            "aws_sqs_queue.code",
            "aws_sqs_queue.code_dlq",
            "aws_sqs_queue.question",
            "aws_sqs_queue.question_dlq",
            "aws_sqs_queue.resume",
            "aws_sqs_queue.resume_dlq",
            "data.archive_file.authorizer",
            "data.archive_file.ingress",
            "data.aws_caller_identity.current"
          ]
        }
      ]
    },
    {
      "mode": "managed",
      "type": "aws_iam_role_policy",
      "name": "lambda_custom",
      "provider": "provider[\"registry.terraform.io/hashicorp/aws\"]",
      "instances": [
        {
          "schema_version": 0,
          "attributes": {
            "id": "serverless-recruitment-lambda-exec:serverless-recruitment-lambda-policy",
            "name": "serverless-recruitment-lambda-policy",
            "name_prefix": "",
            "policy": "{\"Version\":\"2012-10-17\",\"Statement\":[{\"Action\":[\"s3:PutObject\",\"s3:GetObject\",\"s3:DeleteObject\"],\"Effect\":\"Allow\",\"Resource\":\"arn:aws:s3:::serverless-recruitment-submissions-135808961840/*\"},{\"Action\":[\"dynamodb:PutItem\",\"dynamodb:GetItem\",\"dynamodb:UpdateItem\",\"dynamodb:Query\",\"dynamodb:Scan\"],\"Effect\":\"Allow\",\"Resource\":\"arn:aws:dynamodb:ap-south-1:135808961840:table/serverless-recruitment-submissions\"},{\"Action\":[\"sqs:SendMessage\",\"sqs:ReceiveMessage\",\"sqs:DeleteMessage\",\"sqs:GetQueueAttributes\"],\"Effect\":\"Allow\",\"Resource\":[\"arn:aws:sqs:ap-south-1:135808961840:serverless-recruitment-resume\",\"arn:aws:sqs:ap-south-1:135808961840:serverless-recruitment-code\",\"arn:aws:sqs:ap-south-1:135808961840:serverless-recruitment-resume-dlq\",\"arn:aws:sqs:ap-south-1:135808961840:serverless-recruitment-code-dlq\"]},{\"Action\":[\"secretsmanager:GetSecretValue\"],\"Effect\":\"Allow\",\"Resource\":[\"arn:aws:secretsmanager:ap-south-1:135808961840:secret:serverless-recruitment/jwt-secret-BP3FfK\",\"arn:aws:secretsmanager:ap-south-1:135808961840:secret:serverless-recruitment/ollama-ngrok-url-ZudmO4\"]}]}",
            "role": "serverless-recruitment-lambda-exec"
          },
          "sensitive_attributes": [],
          "identity_schema_version": 0,
          "private": "bnVsbA==",
          "dependencies": [
            "aws_dynamodb_table.submissions",
            "aws_iam_role.lambda_exec",
            "aws_s3_bucket.submissions",
            "aws_secretsmanager_secret.jwt_secret",
            "aws_secretsmanager_secret.ollama_url",
            "aws_sqs_queue.code",
            "aws_sqs_queue.code_dlq",
            "aws_sqs_queue.resume",
            "aws_sqs_queue.resume_dlq",
            "data.aws_caller_identity.current"
          ]
        }
      ]
    },
    {
      "mode": "managed",
      "type": "aws_iam_role_policy",
      "name": "lambda_job_configs",
      "provider": "provider[\"registry.terraform.io/hashicorp/aws\"]",
      "instances": [
        {
          "schema_version": 0,
          "attributes": {
            "id": "serverless-recruitment-lambda-exec:serverless-recruitment-lambda-job-configs-policy",
            "name": "serverless-recruitment-lambda-job-configs-policy",
            "name_prefix": "",
            "policy": "{\"Version\":\"2012-10-17\",\"Statement\":[{\"Action\":[\"dynamodb:PutItem\",\"dynamodb:GetItem\",\"dynamodb:UpdateItem\",\"dynamodb:DeleteItem\",\"dynamodb:Scan\"],\"Effect\":\"Allow\",\"Resource\":\"arn:aws:dynamodb:ap-south-1:135808961840:table/serverless-recruitment-job-configs\"}]}",
            "role": "serverless-recruitment-lambda-exec"
          },
          "sensitive_attributes": [],
          "identity_schema_version": 0,
          "private": "bnVsbA==",
          "dependencies": [
            "aws_dynamodb_table.job_configs",
            "aws_iam_role.lambda_exec"
          ]
        }
      ]
    },
    {
      "mode": "managed",
      "type": "aws_iam_role_policy",
      "name": "lambda_question_queue",
      "provider": "provider[\"registry.terraform.io/hashicorp/aws\"]",
      "instances": [
        {
          "schema_version": 0,
          "attributes": {
            "id": "serverless-recruitment-lambda-exec:serverless-recruitment-lambda-question-queue-policy",
            "name": "serverless-recruitment-lambda-question-queue-policy",
            "name_prefix": "",
            "policy": "{\"Version\":\"2012-10-17\",\"Statement\":[{\"Action\":[\"sqs:SendMessage\",\"sqs:ReceiveMessage\",\"sqs:DeleteMessage\",\"sqs:GetQueueAttributes\"],\"Effect\":\"Allow\",\"Resource\":[\"arn:aws:sqs:ap-south-1:135808961840:serverless-recruitment-question\",\"arn:aws:sqs:ap-south-1:135808961840:serverless-recruitment-question-dlq\"]}]}",
            "role": "serverless-recruitment-lambda-exec"
          },
          "sensitive_attributes": [],
          "identity_schema_version": 0,
          "private": "bnVsbA==",
          "dependencies": [
            "aws_iam_role.lambda_exec",
            "aws_sqs_queue.question",
            "aws_sqs_queue.question_dlq"
          ]
        }
      ]
    },
    {
      "mode": "managed",
      "type": "aws_iam_role_policy",
      "name": "lambda_smtp_secret",
      "provider": "provider[\"registry.terraform.io/hashicorp/aws\"]",
      "instances": [
        {
          "schema_version": 0,
          "attributes": {
            "id": "serverless-recruitment-lambda-exec:serverless-recruitment-lambda-smtp-secret-policy",
            "name": "serverless-recruitment-lambda-smtp-secret-policy",
            "name_prefix": "",
            "policy": "{\"Version\":\"2012-10-17\",\"Statement\":[{\"Action\":[\"secretsmanager:GetSecretValue\"],\"Effect\":\"Allow\",\"Resource\":\"arn:aws:secretsmanager:ap-south-1:*:secret:serverless-recruitment/smtp-credentials*\"}]}",
            "role": "serverless-recruitment-lambda-exec"
          },
          "sensitive_attributes": [],
          "identity_schema_version": 0,
          "private": "bnVsbA==",
          "dependencies": [
            "aws_iam_role.lambda_exec"
          ]
        }
      ]
    },
    {
      "mode": "managed",
      "type": "aws_iam_role_policy_attachment",
      "name": "lambda_basic",
      "provider": "provider[\"registry.terraform.io/hashicorp/aws\"]",
      "instances": [
        {
          "schema_version": 0,
          "attributes": {
            "id": "serverless-recruitment-lambda-exec-20260511205030442100000005",
            "policy_arn": "arn:aws:iam::aws:policy/service-role/AWSLambdaBasicExecutionRole",
            "role": "serverless-recruitment-lambda-exec"
          },
          "sensitive_attributes": [],
          "identity_schema_version": 0,
          "private": "bnVsbA==",
          "dependencies": [
            "aws_iam_role.lambda_exec"
          ]
        }
      ]
    },
    {
      "mode": "managed",
      "type": "aws_lambda_event_source_mapping",
      "name": "code_sqs",
      "provider": "provider[\"registry.terraform.io/hashicorp/aws\"]",
      "instances": [
        {
          "schema_version": 0,
          "attributes": {
            "amazon_managed_kafka_event_source_config": [],
            "arn": "arn:aws:lambda:ap-south-1:135808961840:event-source-mapping:7efe30e6-ab56-42e4-a258-3e7739e913b1",
            "batch_size": 1,
            "bisect_batch_on_function_error": false,
            "destination_config": [],
            "document_db_event_source_config": [],
            "enabled": true,
            "event_source_arn": "arn:aws:sqs:ap-south-1:135808961840:serverless-recruitment-code",
            "filter_criteria": [],
            "function_arn": "arn:aws:lambda:ap-south-1:135808961840:function:serverless-recruitment-code-eval",
            "function_name": "arn:aws:lambda:ap-south-1:135808961840:function:serverless-recruitment-code-eval",
            "function_response_types": [],
            "id": "7efe30e6-ab56-42e4-a258-3e7739e913b1",
            "kms_key_arn": "",
            "last_modified": "2026-05-11T20:51:33Z",
            "last_processing_result": "",
            "maximum_batching_window_in_seconds": 0,
            "maximum_record_age_in_seconds": 0,
            "maximum_retry_attempts": 0,
            "metrics_config": [],
            "parallelization_factor": 0,
            "provisioned_poller_config": [],
            "queues": [],
            "scaling_config": [],
            "self_managed_event_source": [],
            "self_managed_kafka_event_source_config": [],
            "source_access_configuration": [],
            "starting_position": "",
            "starting_position_timestamp": "",
            "state": "Enabled",
            "state_transition_reason": "USER_INITIATED",
            "tags": {},
            "tags_all": {},
            "topics": [],
            "tumbling_window_in_seconds": 0,
            "uuid": "7efe30e6-ab56-42e4-a258-3e7739e913b1"
          },
          "sensitive_attributes": [],
          "identity_schema_version": 0,
          "private": "bnVsbA==",
          "dependencies": [
            "aws_dynamodb_table.job_configs",
            "aws_dynamodb_table.submissions",
            "aws_iam_role.lambda_exec",
            "aws_lambda_function.code_eval",
            "aws_s3_bucket.submissions",
            "aws_secretsmanager_secret.ollama_url",
            "aws_sqs_queue.code",
            "aws_sqs_queue.code_dlq",
            "data.archive_file.code_eval",
            "data.aws_caller_identity.current"
          ]
        }
      ]
    },
    {
      "mode": "managed",
      "type": "aws_lambda_event_source_mapping",
      "name": "question_sqs",
      "provider": "provider[\"registry.terraform.io/hashicorp/aws\"]",
      "instances": [
        {
          "schema_version": 0,
          "attributes": {
            "amazon_managed_kafka_event_source_config": [],
            "arn": "arn:aws:lambda:ap-south-1:135808961840:event-source-mapping:82a11368-6310-4193-92f8-dd32a7c34146",
            "batch_size": 1,
            "bisect_batch_on_function_error": false,
            "destination_config": [],
            "document_db_event_source_config": [],
            "enabled": true,
            "event_source_arn": "arn:aws:sqs:ap-south-1:135808961840:serverless-recruitment-question",
            "filter_criteria": [],
            "function_arn": "arn:aws:lambda:ap-south-1:135808961840:function:serverless-recruitment-question-gen",
            "function_name": "arn:aws:lambda:ap-south-1:135808961840:function:serverless-recruitment-question-gen",
            "function_response_types": [],
            "id": "82a11368-6310-4193-92f8-dd32a7c34146",
            "kms_key_arn": "",
            "last_modified": "2026-05-12T19:54:19Z",
            "last_processing_result": "",
            "maximum_batching_window_in_seconds": 0,
            "maximum_record_age_in_seconds": 0,
            "maximum_retry_attempts": 0,
            "metrics_config": [],
            "parallelization_factor": 0,
            "provisioned_poller_config": [],
            "queues": [],
            "scaling_config": [],
            "self_managed_event_source": [],
            "self_managed_kafka_event_source_config": [],
            "source_access_configuration": [],
            "starting_position": "",
            "starting_position_timestamp": "",
            "state": "Enabled",
            "state_transition_reason": "USER_INITIATED",
            "tags": {},
            "tags_all": {},
            "topics": [],
            "tumbling_window_in_seconds": 0,
            "uuid": "82a11368-6310-4193-92f8-dd32a7c34146"
          },
          "sensitive_attributes": [],
          "identity_schema_version": 0,
          "private": "bnVsbA==",
          "dependencies": [
            "aws_dynamodb_table.job_configs",
            "aws_dynamodb_table.submissions",
            "aws_iam_role.lambda_exec",
            "aws_lambda_function.question_gen",
            "aws_s3_bucket.submissions",
            "aws_secretsmanager_secret.ollama_url",
            "aws_sqs_queue.question",
            "aws_sqs_queue.question_dlq",
            "data.archive_file.question_gen",
            "data.aws_caller_identity.current"
          ]
        }
      ]
    },
    {
      "mode": "managed",
      "type": "aws_lambda_event_source_mapping",
      "name": "resume_sqs",
      "provider": "provider[\"registry.terraform.io/hashicorp/aws\"]",
      "instances": [
        {
          "schema_version": 0,
          "attributes": {
            "amazon_managed_kafka_event_source_config": [],
            "arn": "arn:aws:lambda:ap-south-1:135808961840:event-source-mapping:b70196d6-ae3f-4f04-9772-5131a9e553f8",
            "batch_size": 1,
            "bisect_batch_on_function_error": false,
            "destination_config": [],
            "document_db_event_source_config": [],
            "enabled": true,
            "event_source_arn": "arn:aws:sqs:ap-south-1:135808961840:serverless-recruitment-resume",
            "filter_criteria": [],
            "function_arn": "arn:aws:lambda:ap-south-1:135808961840:function:serverless-recruitment-resume-eval",
            "function_name": "arn:aws:lambda:ap-south-1:135808961840:function:serverless-recruitment-resume-eval",
            "function_response_types": [],
            "id": "b70196d6-ae3f-4f04-9772-5131a9e553f8",
            "kms_key_arn": "",
            "last_modified": "2026-05-11T20:51:33Z",
            "last_processing_result": "",
            "maximum_batching_window_in_seconds": 0,
            "maximum_record_age_in_seconds": 0,
            "maximum_retry_attempts": 0,
            "metrics_config": [],
            "parallelization_factor": 0,
            "provisioned_poller_config": [],
            "queues": [],
            "scaling_config": [],
            "self_managed_event_source": [],
            "self_managed_kafka_event_source_config": [],
            "source_access_configuration": [],
            "starting_position": "",
            "starting_position_timestamp": "",
            "state": "Enabled",
            "state_transition_reason": "USER_INITIATED",
            "tags": {},
            "tags_all": {},
            "topics": [],
            "tumbling_window_in_seconds": 0,
            "uuid": "b70196d6-ae3f-4f04-9772-5131a9e553f8"
          },
          "sensitive_attributes": [],
          "identity_schema_version": 0,
          "private": "bnVsbA==",
          "dependencies": [
            "aws_dynamodb_table.job_configs",
            "aws_dynamodb_table.submissions",
            "aws_iam_role.lambda_exec",
            "aws_lambda_function.resume_eval",
            "aws_s3_bucket.submissions",
            "aws_secretsmanager_secret.ollama_url",
            "aws_sqs_queue.resume",
            "aws_sqs_queue.resume_dlq",
            "data.archive_file.resume_eval",
            "data.aws_caller_identity.current"
          ]
        }
      ]
    },
    {
      "mode": "managed",
      "type": "aws_lambda_function",
      "name": "authorizer",
      "provider": "provider[\"registry.terraform.io/hashicorp/aws\"]",
      "instances": [
        {
          "schema_version": 0,
          "attributes": {
            "architectures": [
              "x86_64"
            ],
            "arn": "arn:aws:lambda:ap-south-1:135808961840:function:serverless-recruitment-authorizer",
            "code_sha256": "0XNZikXXTmtw7fg+Y/dtAJY6r5tGyOUg71HRcOn2+o8=",
            "code_signing_config_arn": "",
            "dead_letter_config": [],
            "description": "",
            "environment": [
              {
                "variables": {
                  "JWT_SECRET_ARN": "arn:aws:secretsmanager:ap-south-1:135808961840:secret:serverless-recruitment/jwt-secret-BP3FfK"
                }
              }
            ],
            "ephemeral_storage": [
              {
                "size": 512
              }
            ],
            "file_system_config": [],
            "filename": "./../lambdas/authorizer/handler.zip",
            "function_name": "serverless-recruitment-authorizer",
            "handler": "handler.lambda_handler",
            "id": "serverless-recruitment-authorizer",
            "image_config": [],
            "image_uri": "",
            "invoke_arn": "arn:aws:apigateway:ap-south-1:lambda:path/2015-03-31/functions/arn:aws:lambda:ap-south-1:135808961840:function:serverless-recruitment-authorizer/invocations",
            "kms_key_arn": "",
            "last_modified": "2026-05-11T20:50:43.947+0000",
            "layers": [],
            "logging_config": [
              {
                "application_log_level": "",
                "log_format": "Text",
                "log_group": "/aws/lambda/serverless-recruitment-authorizer",
                "system_log_level": ""
              }
            ],
            "memory_size": 128,
            "package_type": "Zip",
            "publish": false,
            "qualified_arn": "arn:aws:lambda:ap-south-1:135808961840:function:serverless-recruitment-authorizer:$LATEST",
            "qualified_invoke_arn": "arn:aws:apigateway:ap-south-1:lambda:path/2015-03-31/functions/arn:aws:lambda:ap-south-1:135808961840:function:serverless-recruitment-authorizer:$LATEST/invocations",
            "replace_security_groups_on_destroy": null,
            "replacement_security_group_ids": null,
            "reserved_concurrent_executions": -1,
            "role": "arn:aws:iam::135808961840:role/serverless-recruitment-lambda-exec",
            "runtime": "python3.12",
            "s3_bucket": null,
            "s3_key": null,
            "s3_object_version": null,
            "signing_job_arn": "",
            "signing_profile_version_arn": "",
            "skip_destroy": false,
            "snap_start": [],
            "source_code_hash": "0XNZikXXTmtw7fg+Y/dtAJY6r5tGyOUg71HRcOn2+o8=",
            "source_code_size": 1191,
            "tags": {
              "Project": "serverless-recruitment"
            },
            "tags_all": {
              "Project": "serverless-recruitment"
            },
            "timeout": 30,
            "timeouts": null,
            "tracing_config": [
              {
                "mode": "PassThrough"
              }
            ],
            "version": "$LATEST",
            "vpc_config": []
          },
          "sensitive_attributes": [],
          "identity_schema_version": 0,
          "private": "eyJlMmJmYjczMC1lY2FhLTExZTYtOGY4OC0zNDM2M2JjN2M0YzAiOnsiY3JlYXRlIjo2MDAwMDAwMDAwMDAsImRlbGV0ZSI6NjAwMDAwMDAwMDAwLCJ1cGRhdGUiOjYwMDAwMDAwMDAwMH19",
          "dependencies": [
            "aws_iam_role.lambda_exec",
            "aws_secretsmanager_secret.jwt_secret",
            "data.archive_file.authorizer"
          ],
          "create_before_destroy": true
        }
      ]
    },
    {
      "mode": "managed",
      "type": "aws_lambda_function",
      "name": "code_eval",
      "provider": "provider[\"registry.terraform.io/hashicorp/aws\"]",
      "instances": [
        {
          "schema_version": 0,
          "attributes": {
            "architectures": [
              "x86_64"
            ],
            "arn": "arn:aws:lambda:ap-south-1:135808961840:function:serverless-recruitment-code-eval",
            "code_sha256": "Po872zUdQ3yCllvvdj4fj+ITHcp8H9vyMxhgMsFbIQM=",
            "code_signing_config_arn": "",
            "dead_letter_config": [],
            "description": "",
            "environment": [
              {
                "variables": {
                  "DYNAMODB_TABLE": "serverless-recruitment-submissions",
                  "JOB_CONFIGS_TABLE": "serverless-recruitment-job-configs",
                  "OLLAMA_SECRET_ARN": "arn:aws:secretsmanager:ap-south-1:135808961840:secret:serverless-recruitment/ollama-ngrok-url-ZudmO4",
                  "S3_BUCKET": "serverless-recruitment-submissions-135808961840"
                }
              }
            ],
            "ephemeral_storage": [
              {
                "size": 512
              }
            ],
            "file_system_config": [],
            "filename": "./../lambdas/code_eval/handler.zip",
            "function_name": "serverless-recruitment-code-eval",
            "handler": "handler.lambda_handler",
            "id": "serverless-recruitment-code-eval",
            "image_config": [],
            "image_uri": "",
            "invoke_arn": "arn:aws:apigateway:ap-south-1:lambda:path/2015-03-31/functions/arn:aws:lambda:ap-south-1:135808961840:function:serverless-recruitment-code-eval/invocations",
            "kms_key_arn": "",
            "last_modified": "2026-05-14T12:08:05.000+0000",
            "layers": [],
            "logging_config": [
              {
                "application_log_level": "",
                "log_format": "Text",
                "log_group": "/aws/lambda/serverless-recruitment-code-eval",
                "system_log_level": ""
              }
            ],
            "memory_size": 128,
            "package_type": "Zip",
            "publish": false,
            "qualified_arn": "arn:aws:lambda:ap-south-1:135808961840:function:serverless-recruitment-code-eval:$LATEST",
            "qualified_invoke_arn": "arn:aws:apigateway:ap-south-1:lambda:path/2015-03-31/functions/arn:aws:lambda:ap-south-1:135808961840:function:serverless-recruitment-code-eval:$LATEST/invocations",
            "replace_security_groups_on_destroy": null,
            "replacement_security_group_ids": null,
            "reserved_concurrent_executions": -1,
            "role": "arn:aws:iam::135808961840:role/serverless-recruitment-lambda-exec",
            "runtime": "python3.12",
            "s3_bucket": null,
            "s3_key": null,
            "s3_object_version": null,
            "signing_job_arn": "",
            "signing_profile_version_arn": "",
            "skip_destroy": false,
            "snap_start": [],
            "source_code_hash": "Po872zUdQ3yCllvvdj4fj+ITHcp8H9vyMxhgMsFbIQM=",
            "source_code_size": 3629,
            "tags": {
              "Project": "serverless-recruitment"
            },
            "tags_all": {
              "Project": "serverless-recruitment"
            },
            "timeout": 300,
            "timeouts": null,
            "tracing_config": [
              {
                "mode": "PassThrough"
              }
            ],
            "version": "$LATEST",
            "vpc_config": []
          },
          "sensitive_attributes": [],
          "identity_schema_version": 0,
          "private": "eyJlMmJmYjczMC1lY2FhLTExZTYtOGY4OC0zNDM2M2JjN2M0YzAiOnsiY3JlYXRlIjo2MDAwMDAwMDAwMDAsImRlbGV0ZSI6NjAwMDAwMDAwMDAwLCJ1cGRhdGUiOjYwMDAwMDAwMDAwMH19",
          "dependencies": [
            "aws_dynamodb_table.job_configs",
            "aws_dynamodb_table.submissions",
            "aws_iam_role.lambda_exec",
            "aws_s3_bucket.submissions",
            "aws_secretsmanager_secret.ollama_url",
            "data.archive_file.code_eval",
            "data.aws_caller_identity.current"
          ]
        }
      ]
    },
    {
      "mode": "managed",
      "type": "aws_lambda_function",
      "name": "email_notifier",
      "provider": "provider[\"registry.terraform.io/hashicorp/aws\"]",
      "instances": [
        {
          "schema_version": 0,
          "attributes": {
            "architectures": [
              "x86_64"
            ],
            "arn": "arn:aws:lambda:ap-south-1:135808961840:function:serverless-recruitment-email-notifier",
            "code_sha256": "bJVltXPYHPUOR51kYAK11Ja+3VJRGur9qv2nlkEoeDA=",
            "code_signing_config_arn": "",
            "dead_letter_config": [],
            "description": "",
            "environment": [
              {
                "variables": {
                  "FROM_EMAIL": "noreply@recruitment.system"
                }
              }
            ],
            "ephemeral_storage": [
              {
                "size": 512
              }
            ],
            "file_system_config": [],
            "filename": "./.terraform/email_notifier.zip",
            "function_name": "serverless-recruitment-email-notifier",
            "handler": "handler.lambda_handler",
            "id": "serverless-recruitment-email-notifier",
            "image_config": [],
            "image_uri": "",
            "invoke_arn": "arn:aws:apigateway:ap-south-1:lambda:path/2015-03-31/functions/arn:aws:lambda:ap-south-1:135808961840:function:serverless-recruitment-email-notifier/invocations",
            "kms_key_arn": "",
            "last_modified": "2026-05-13T19:25:53.077+0000",
            "layers": [],
            "logging_config": [
              {
                "application_log_level": "",
                "log_format": "Text",
                "log_group": "/aws/lambda/serverless-recruitment-email-notifier",
                "system_log_level": ""
              }
            ],
            "memory_size": 128,
            "package_type": "Zip",
            "publish": false,
            "qualified_arn": "arn:aws:lambda:ap-south-1:135808961840:function:serverless-recruitment-email-notifier:$LATEST",
            "qualified_invoke_arn": "arn:aws:apigateway:ap-south-1:lambda:path/2015-03-31/functions/arn:aws:lambda:ap-south-1:135808961840:function:serverless-recruitment-email-notifier:$LATEST/invocations",
            "replace_security_groups_on_destroy": null,
            "replacement_security_group_ids": null,
            "reserved_concurrent_executions": -1,
            "role": "arn:aws:iam::135808961840:role/serverless-recruitment-lambda-exec",
            "runtime": "python3.12",
            "s3_bucket": null,
            "s3_key": null,
            "s3_object_version": null,
            "signing_job_arn": "",
            "signing_profile_version_arn": "",
            "skip_destroy": false,
            "snap_start": [],
            "source_code_hash": "bJVltXPYHPUOR51kYAK11Ja+3VJRGur9qv2nlkEoeDA=",
            "source_code_size": 1691,
            "tags": {
              "Project": "serverless-recruitment"
            },
            "tags_all": {
              "Project": "serverless-recruitment"
            },
            "timeout": 30,
            "timeouts": null,
            "tracing_config": [
              {
                "mode": "PassThrough"
              }
            ],
            "version": "$LATEST",
            "vpc_config": []
          },
          "sensitive_attributes": [],
          "identity_schema_version": 0,
          "private": "eyJlMmJmYjczMC1lY2FhLTExZTYtOGY4OC0zNDM2M2JjN2M0YzAiOnsiY3JlYXRlIjo2MDAwMDAwMDAwMDAsImRlbGV0ZSI6NjAwMDAwMDAwMDAwLCJ1cGRhdGUiOjYwMDAwMDAwMDAwMH19",
          "dependencies": [
            "aws_iam_role.lambda_exec",
            "data.archive_file.email_notifier"
          ]
        }
      ]
    },
    {
      "mode": "managed",
      "type": "aws_lambda_function",
      "name": "ingress",
      "provider": "provider[\"registry.terraform.io/hashicorp/aws\"]",
      "instances": [
        {
          "schema_version": 0,
          "attributes": {
            "architectures": [
              "x86_64"
            ],
            "arn": "arn:aws:lambda:ap-south-1:135808961840:function:serverless-recruitment-ingress",
            "code_sha256": "+Q3yFK3n8iAsIhHujRMUFXAfleUbfD42Ve951VRXDG0=",
            "code_signing_config_arn": "",
            "dead_letter_config": [],
            "description": "",
            "environment": [
              {
                "variables": {
                  "CODE_QUEUE_URL": "https://sqs.ap-south-1.amazonaws.com/135808961840/serverless-recruitment-code",
                  "DYNAMODB_TABLE": "serverless-recruitment-submissions",
                  "QUESTION_QUEUE_URL": "https://sqs.ap-south-1.amazonaws.com/135808961840/serverless-recruitment-question",
                  "RESUME_QUEUE_URL": "https://sqs.ap-south-1.amazonaws.com/135808961840/serverless-recruitment-resume",
                  "S3_BUCKET": "serverless-recruitment-submissions-135808961840"
                }
              }
            ],
            "ephemeral_storage": [
              {
                "size": 512
              }
            ],
            "file_system_config": [],
            "filename": "./../lambdas/ingress/handler.zip",
            "function_name": "serverless-recruitment-ingress",
            "handler": "handler.lambda_handler",
            "id": "serverless-recruitment-ingress",
            "image_config": [],
            "image_uri": "",
            "invoke_arn": "arn:aws:apigateway:ap-south-1:lambda:path/2015-03-31/functions/arn:aws:lambda:ap-south-1:135808961840:function:serverless-recruitment-ingress/invocations",
            "kms_key_arn": "",
            "last_modified": "2026-05-14T12:08:00.000+0000",
            "layers": [],
            "logging_config": [
              {
                "application_log_level": "",
                "log_format": "Text",
                "log_group": "/aws/lambda/serverless-recruitment-ingress",
                "system_log_level": ""
              }
            ],
            "memory_size": 128,
            "package_type": "Zip",
            "publish": false,
            "qualified_arn": "arn:aws:lambda:ap-south-1:135808961840:function:serverless-recruitment-ingress:$LATEST",
            "qualified_invoke_arn": "arn:aws:apigateway:ap-south-1:lambda:path/2015-03-31/functions/arn:aws:lambda:ap-south-1:135808961840:function:serverless-recruitment-ingress:$LATEST/invocations",
            "replace_security_groups_on_destroy": null,
            "replacement_security_group_ids": null,
            "reserved_concurrent_executions": -1,
            "role": "arn:aws:iam::135808961840:role/serverless-recruitment-lambda-exec",
            "runtime": "python3.12",
            "s3_bucket": null,
            "s3_key": null,
            "s3_object_version": null,
            "signing_job_arn": "",
            "signing_profile_version_arn": "",
            "skip_destroy": false,
            "snap_start": [],
            "source_code_hash": "+Q3yFK3n8iAsIhHujRMUFXAfleUbfD42Ve951VRXDG0=",
            "source_code_size": 3053,
            "tags": {
              "Project": "serverless-recruitment"
            },
            "tags_all": {
              "Project": "serverless-recruitment"
            },
            "timeout": 30,
            "timeouts": null,
            "tracing_config": [
              {
                "mode": "PassThrough"
              }
            ],
            "version": "$LATEST",
            "vpc_config": []
          },
          "sensitive_attributes": [],
          "identity_schema_version": 0,
          "private": "eyJlMmJmYjczMC1lY2FhLTExZTYtOGY4OC0zNDM2M2JjN2M0YzAiOnsiY3JlYXRlIjo2MDAwMDAwMDAwMDAsImRlbGV0ZSI6NjAwMDAwMDAwMDAwLCJ1cGRhdGUiOjYwMDAwMDAwMDAwMH19",
          "dependencies": [
            "aws_dynamodb_table.submissions",
            "aws_iam_role.lambda_exec",
            "aws_s3_bucket.submissions",
            "aws_sqs_queue.code",
            "aws_sqs_queue.code_dlq",
            "aws_sqs_queue.question",
            "aws_sqs_queue.question_dlq",
            "aws_sqs_queue.resume",
            "aws_sqs_queue.resume_dlq",
            "data.archive_file.ingress",
            "data.aws_caller_identity.current"
          ],
          "create_before_destroy": true
        }
      ]
    },
    {
      "mode": "managed",
      "type": "aws_lambda_function",
      "name": "question_gen",
      "provider": "provider[\"registry.terraform.io/hashicorp/aws\"]",
      "instances": [
        {
          "schema_version": 0,
          "attributes": {
            "architectures": [
              "x86_64"
            ],
            "arn": "arn:aws:lambda:ap-south-1:135808961840:function:serverless-recruitment-question-gen",
            "code_sha256": "UdTyKp9UkDp7RqaYpq0uH4lnNh2VfATkG4aQHfDNj64=",
            "code_signing_config_arn": "",
            "dead_letter_config": [],
            "description": "",
            "environment": [
              {
                "variables": {
                  "DYNAMODB_TABLE": "serverless-recruitment-submissions",
                  "JOB_CONFIGS_TABLE": "serverless-recruitment-job-configs",
                  "OLLAMA_SECRET_ARN": "arn:aws:secretsmanager:ap-south-1:135808961840:secret:serverless-recruitment/ollama-ngrok-url-ZudmO4",
                  "S3_BUCKET": "serverless-recruitment-submissions-135808961840"
                }
              }
            ],
            "ephemeral_storage": [
              {
                "size": 512
              }
            ],
            "file_system_config": [],
            "filename": "./../lambdas/question_gen/handler.zip",
            "function_name": "serverless-recruitment-question-gen",
            "handler": "handler.lambda_handler",
            "id": "serverless-recruitment-question-gen",
            "image_config": [],
            "image_uri": "",
            "invoke_arn": "arn:aws:apigateway:ap-south-1:lambda:path/2015-03-31/functions/arn:aws:lambda:ap-south-1:135808961840:function:serverless-recruitment-question-gen/invocations",
            "kms_key_arn": "",
            "last_modified": "2026-05-14T12:07:54.000+0000",
            "layers": [],
            "logging_config": [
              {
                "application_log_level": "",
                "log_format": "Text",
                "log_group": "/aws/lambda/serverless-recruitment-question-gen",
                "system_log_level": ""
              }
            ],
            "memory_size": 128,
            "package_type": "Zip",
            "publish": false,
            "qualified_arn": "arn:aws:lambda:ap-south-1:135808961840:function:serverless-recruitment-question-gen:$LATEST",
            "qualified_invoke_arn": "arn:aws:apigateway:ap-south-1:lambda:path/2015-03-31/functions/arn:aws:lambda:ap-south-1:135808961840:function:serverless-recruitment-question-gen:$LATEST/invocations",
            "replace_security_groups_on_destroy": null,
            "replacement_security_group_ids": null,
            "reserved_concurrent_executions": -1,
            "role": "arn:aws:iam::135808961840:role/serverless-recruitment-lambda-exec",
            "runtime": "python3.12",
            "s3_bucket": null,
            "s3_key": null,
            "s3_object_version": null,
            "signing_job_arn": "",
            "signing_profile_version_arn": "",
            "skip_destroy": false,
            "snap_start": [],
            "source_code_hash": "UdTyKp9UkDp7RqaYpq0uH4lnNh2VfATkG4aQHfDNj64=",
            "source_code_size": 2353,
            "tags": {
              "Project": "serverless-recruitment"
            },
            "tags_all": {
              "Project": "serverless-recruitment"
            },
            "timeout": 300,
            "timeouts": null,
            "tracing_config": [
              {
                "mode": "PassThrough"
              }
            ],
            "version": "$LATEST",
            "vpc_config": []
          },
          "sensitive_attributes": [],
          "identity_schema_version": 0,
          "private": "eyJlMmJmYjczMC1lY2FhLTExZTYtOGY4OC0zNDM2M2JjN2M0YzAiOnsiY3JlYXRlIjo2MDAwMDAwMDAwMDAsImRlbGV0ZSI6NjAwMDAwMDAwMDAwLCJ1cGRhdGUiOjYwMDAwMDAwMDAwMH19",
          "dependencies": [
            "aws_dynamodb_table.job_configs",
            "aws_dynamodb_table.submissions",
            "aws_iam_role.lambda_exec",
            "aws_s3_bucket.submissions",
            "aws_secretsmanager_secret.ollama_url",
            "data.archive_file.question_gen",
            "data.aws_caller_identity.current"
          ]
        }
      ]
    },
    {
      "mode": "managed",
      "type": "aws_lambda_function",
      "name": "resume_eval",
      "provider": "provider[\"registry.terraform.io/hashicorp/aws\"]",
      "instances": [
        {
          "schema_version": 0,
          "attributes": {
            "architectures": [
              "x86_64"
            ],
            "arn": "arn:aws:lambda:ap-south-1:135808961840:function:serverless-recruitment-resume-eval",
            "code_sha256": "tt5oYH+Ouz1eZloU0e1BN+zGFzIkLKN5Y0ODXmh1mm4=",
            "code_signing_config_arn": "",
            "dead_letter_config": [],
            "description": "",
            "environment": [
              {
                "variables": {
                  "DYNAMODB_TABLE": "serverless-recruitment-submissions",
                  "JOB_CONFIGS_TABLE": "serverless-recruitment-job-configs",
                  "OLLAMA_SECRET_ARN": "arn:aws:secretsmanager:ap-south-1:135808961840:secret:serverless-recruitment/ollama-ngrok-url-ZudmO4",
                  "S3_BUCKET": "serverless-recruitment-submissions-135808961840"
                }
              }
            ],
            "ephemeral_storage": [
              {
                "size": 512
              }
            ],
            "file_system_config": [],
            "filename": "./../lambdas/resume_eval/handler.zip",
            "function_name": "serverless-recruitment-resume-eval",
            "handler": "handler.lambda_handler",
            "id": "serverless-recruitment-resume-eval",
            "image_config": [],
            "image_uri": "",
            "invoke_arn": "arn:aws:apigateway:ap-south-1:lambda:path/2015-03-31/functions/arn:aws:lambda:ap-south-1:135808961840:function:serverless-recruitment-resume-eval/invocations",
            "kms_key_arn": "",
            "last_modified": "2026-05-14T12:08:11.000+0000",
            "layers": [],
            "logging_config": [
              {
                "application_log_level": "",
                "log_format": "Text",
                "log_group": "/aws/lambda/serverless-recruitment-resume-eval",
                "system_log_level": ""
              }
            ],
            "memory_size": 128,
            "package_type": "Zip",
            "publish": false,
            "qualified_arn": "arn:aws:lambda:ap-south-1:135808961840:function:serverless-recruitment-resume-eval:$LATEST",
            "qualified_invoke_arn": "arn:aws:apigateway:ap-south-1:lambda:path/2015-03-31/functions/arn:aws:lambda:ap-south-1:135808961840:function:serverless-recruitment-resume-eval:$LATEST/invocations",
            "replace_security_groups_on_destroy": null,
            "replacement_security_group_ids": null,
            "reserved_concurrent_executions": -1,
            "role": "arn:aws:iam::135808961840:role/serverless-recruitment-lambda-exec",
            "runtime": "python3.12",
            "s3_bucket": null,
            "s3_key": null,
            "s3_object_version": null,
            "signing_job_arn": "",
            "signing_profile_version_arn": "",
            "skip_destroy": false,
            "snap_start": [],
            "source_code_hash": "tt5oYH+Ouz1eZloU0e1BN+zGFzIkLKN5Y0ODXmh1mm4=",
            "source_code_size": 2541,
            "tags": {
              "Project": "serverless-recruitment"
            },
            "tags_all": {
              "Project": "serverless-recruitment"
            },
            "timeout": 300,
            "timeouts": null,
            "tracing_config": [
              {
                "mode": "PassThrough"
              }
            ],
            "version": "$LATEST",
            "vpc_config": []
          },
          "sensitive_attributes": [],
          "identity_schema_version": 0,
          "private": "eyJlMmJmYjczMC1lY2FhLTExZTYtOGY4OC0zNDM2M2JjN2M0YzAiOnsiY3JlYXRlIjo2MDAwMDAwMDAwMDAsImRlbGV0ZSI6NjAwMDAwMDAwMDAwLCJ1cGRhdGUiOjYwMDAwMDAwMDAwMH19",
          "dependencies": [
            "aws_dynamodb_table.job_configs",
            "aws_dynamodb_table.submissions",
            "aws_iam_role.lambda_exec",
            "aws_s3_bucket.submissions",
            "aws_secretsmanager_secret.ollama_url",
            "data.archive_file.resume_eval",
            "data.aws_caller_identity.current"
          ]
        }
      ]
    },
    {
      "mode": "managed",
      "type": "aws_lambda_permission",
      "name": "apigw_authorizer",
      "provider": "provider[\"registry.terraform.io/hashicorp/aws\"]",
      "instances": [
        {
          "schema_version": 0,
          "attributes": {
            "action": "lambda:InvokeFunction",
            "event_source_token": null,
            "function_name": "serverless-recruitment-authorizer",
            "function_url_auth_type": null,
            "id": "AllowAPIGatewayInvokeAuthorizer",
            "principal": "apigateway.amazonaws.com",
            "principal_org_id": null,
            "qualifier": "",
            "source_account": null,
            "source_arn": "arn:aws:execute-api:ap-south-1:135808961840:nin1zoih0d/*/*",
            "statement_id": "AllowAPIGatewayInvokeAuthorizer",
            "statement_id_prefix": ""
          },
          "sensitive_attributes": [],
          "identity_schema_version": 0,
          "private": "bnVsbA==",
          "dependencies": [
            "aws_api_gateway_rest_api.main",
            "aws_iam_role.lambda_exec",
            "aws_lambda_function.authorizer",
            "aws_secretsmanager_secret.jwt_secret",
            "data.archive_file.authorizer"
          ]
        }
      ]
    },
    {
      "mode": "managed",
      "type": "aws_lambda_permission",
      "name": "apigw_ingress",
      "provider": "provider[\"registry.terraform.io/hashicorp/aws\"]",
      "instances": [
        {
          "schema_version": 0,
          "attributes": {
            "action": "lambda:InvokeFunction",
            "event_source_token": null,
            "function_name": "serverless-recruitment-ingress",
            "function_url_auth_type": null,
            "id": "AllowAPIGatewayInvoke",
            "principal": "apigateway.amazonaws.com",
            "principal_org_id": null,
            "qualifier": "",
            "source_account": null,
            "source_arn": "arn:aws:execute-api:ap-south-1:135808961840:nin1zoih0d/*/*",
            "statement_id": "AllowAPIGatewayInvoke",
            "statement_id_prefix": ""
          },
          "sensitive_attributes": [],
          "identity_schema_version": 0,
          "private": "bnVsbA==",
          "dependencies": [
            "aws_api_gateway_rest_api.main",
            "aws_dynamodb_table.submissions",
            "aws_iam_role.lambda_exec",
            "aws_lambda_function.ingress",
            "aws_s3_bucket.submissions",
            "aws_sqs_queue.code",
            "aws_sqs_queue.code_dlq",
            "aws_sqs_queue.question",
            "aws_sqs_queue.question_dlq",
            "aws_sqs_queue.resume",
            "aws_sqs_queue.resume_dlq",
            "data.archive_file.ingress",
            "data.aws_caller_identity.current"
          ]
        }
      ]
    },
    {
      "mode": "managed",
      "type": "aws_s3_bucket",
      "name": "submissions",
      "provider": "provider[\"registry.terraform.io/hashicorp/aws\"]",
      "instances": [
        {
          "schema_version": 0,
          "attributes": {
            "acceleration_status": "",
            "acl": null,
            "arn": "arn:aws:s3:::serverless-recruitment-submissions-135808961840",
            "bucket": "serverless-recruitment-submissions-135808961840",
            "bucket_domain_name": "serverless-recruitment-submissions-135808961840.s3.amazonaws.com",
            "bucket_prefix": "",
            "bucket_regional_domain_name": "serverless-recruitment-submissions-135808961840.s3.ap-south-1.amazonaws.com",
            "cors_rule": [],
            "force_destroy": true,
            "grant": [
              {
                "id": "c98fb869e616af104678a5b83cc0c9965eb3d67421609b14686eef9b81df0520",
                "permissions": [
                  "FULL_CONTROL"
                ],
                "type": "CanonicalUser",
                "uri": ""
              }
            ],
            "hosted_zone_id": "Z11RGJOFQNVJUP",
            "id": "serverless-recruitment-submissions-135808961840",
            "lifecycle_rule": [],
            "logging": [],
            "object_lock_configuration": [],
            "object_lock_enabled": false,
            "policy": "",
            "region": "ap-south-1",
            "replication_configuration": [],
            "request_payer": "BucketOwner",
            "server_side_encryption_configuration": [
              {
                "rule": [
                  {
                    "apply_server_side_encryption_by_default": [
                      {
                        "kms_master_key_id": "",
                        "sse_algorithm": "AES256"
                      }
                    ],
                    "bucket_key_enabled": false
                  }
                ]
              }
            ],
            "tags": {
              "Project": "serverless-recruitment"
            },
            "tags_all": {
              "Project": "serverless-recruitment"
            },
            "timeouts": null,
            "versioning": [
              {
                "enabled": true,
                "mfa_delete": false
              }
            ],
            "website": [],
            "website_domain": null,
            "website_endpoint": null
          },
          "sensitive_attributes": [],
          "identity_schema_version": 0,
          "private": "eyJlMmJmYjczMC1lY2FhLTExZTYtOGY4OC0zNDM2M2JjN2M0YzAiOnsiY3JlYXRlIjoxMjAwMDAwMDAwMDAwLCJkZWxldGUiOjM2MDAwMDAwMDAwMDAsInJlYWQiOjEyMDAwMDAwMDAwMDAsInVwZGF0ZSI6MTIwMDAwMDAwMDAwMH19",
          "dependencies": [
            "data.aws_caller_identity.current"
          ],
          "create_before_destroy": true
        }
      ]
    },
    {
      "mode": "managed",
      "type": "aws_s3_bucket_server_side_encryption_configuration",
      "name": "submissions",
      "provider": "provider[\"registry.terraform.io/hashicorp/aws\"]",
      "instances": [
        {
          "schema_version": 0,
          "attributes": {
            "bucket": "serverless-recruitment-submissions-135808961840",
            "expected_bucket_owner": "",
            "id": "serverless-recruitment-submissions-135808961840",
            "rule": [
              {
                "apply_server_side_encryption_by_default": [
                  {
                    "kms_master_key_id": "",
                    "sse_algorithm": "AES256"
                  }
                ],
                "bucket_key_enabled": false
              }
            ]
          },
          "sensitive_attributes": [],
          "identity_schema_version": 0,
          "private": "bnVsbA==",
          "dependencies": [
            "aws_s3_bucket.submissions",
            "data.aws_caller_identity.current"
          ]
        }
      ]
    },
    {
      "mode": "managed",
      "type": "aws_s3_bucket_versioning",
      "name": "submissions",
      "provider": "provider[\"registry.terraform.io/hashicorp/aws\"]",
      "instances": [
        {
          "schema_version": 0,
          "attributes": {
            "bucket": "serverless-recruitment-submissions-135808961840",
            "expected_bucket_owner": "",
            "id": "serverless-recruitment-submissions-135808961840",
            "mfa": null,
            "versioning_configuration": [
              {
                "mfa_delete": "",
                "status": "Enabled"
              }
            ]
          },
          "sensitive_attributes": [],
          "identity_schema_version": 0,
          "private": "bnVsbA==",
          "dependencies": [
            "aws_s3_bucket.submissions",
            "data.aws_caller_identity.current"
          ]
        }
      ]
    },
    {
      "mode": "managed",
      "type": "aws_secretsmanager_secret",
      "name": "jwt_secret",
      "provider": "provider[\"registry.terraform.io/hashicorp/aws\"]",
      "instances": [
        {
          "schema_version": 0,
          "attributes": {
            "arn": "arn:aws:secretsmanager:ap-south-1:135808961840:secret:serverless-recruitment/jwt-secret-BP3FfK",
            "description": "",
            "force_overwrite_replica_secret": false,
            "id": "arn:aws:secretsmanager:ap-south-1:135808961840:secret:serverless-recruitment/jwt-secret-BP3FfK",
            "kms_key_id": "",
            "name": "serverless-recruitment/jwt-secret",
            "name_prefix": "",
            "policy": "",
            "recovery_window_in_days": 0,
            "replica": [],
            "tags": {
              "Project": "serverless-recruitment"
            },
            "tags_all": {
              "Project": "serverless-recruitment"
            }
          },
          "sensitive_attributes": [],
          "identity_schema_version": 0,
          "private": "bnVsbA==",
          "create_before_destroy": true
        }
      ]
    },
    {
      "mode": "managed",
      "type": "aws_secretsmanager_secret",
      "name": "ollama_url",
      "provider": "provider[\"registry.terraform.io/hashicorp/aws\"]",
      "instances": [
        {
          "schema_version": 0,
          "attributes": {
            "arn": "arn:aws:secretsmanager:ap-south-1:135808961840:secret:serverless-recruitment/ollama-ngrok-url-ZudmO4",
            "description": "",
            "force_overwrite_replica_secret": false,
            "id": "arn:aws:secretsmanager:ap-south-1:135808961840:secret:serverless-recruitment/ollama-ngrok-url-ZudmO4",
            "kms_key_id": "",
            "name": "serverless-recruitment/ollama-ngrok-url",
            "name_prefix": "",
            "policy": "",
            "recovery_window_in_days": 0,
            "replica": [],
            "tags": {
              "Project": "serverless-recruitment"
            },
            "tags_all": {
              "Project": "serverless-recruitment"
            }
          },
          "sensitive_attributes": [],
          "identity_schema_version": 0,
          "private": "bnVsbA=="
        }
      ]
    },
    {
      "mode": "managed",
      "type": "aws_secretsmanager_secret_version",
      "name": "jwt_secret",
      "provider": "provider[\"registry.terraform.io/hashicorp/aws\"]",
      "instances": [
        {
          "schema_version": 0,
          "attributes": {
            "arn": "arn:aws:secretsmanager:ap-south-1:135808961840:secret:serverless-recruitment/jwt-secret-BP3FfK",
            "has_secret_string_wo": null,
            "id": "arn:aws:secretsmanager:ap-south-1:135808961840:secret:serverless-recruitment/jwt-secret-BP3FfK|terraform-20260511205028720100000003",
            "secret_binary": "",
            "secret_id": "arn:aws:secretsmanager:ap-south-1:135808961840:secret:serverless-recruitment/jwt-secret-BP3FfK",
            "secret_string": "{\"jwt_secret\":\"mtech-iitpatna-recruitment-secret-2026\",\"shared_hmac_secret\":\"mtech-iitpatna-recruitment-secret-2026\"}",
            "secret_string_wo": null,
            "secret_string_wo_version": null,
            "version_id": "terraform-20260511205028720100000003",
            "version_stages": [
              "AWSCURRENT"
            ]
          },
          "sensitive_attributes": [
            [
              {
                "type": "get_attr",
                "value": "secret_binary"
              }
            ],
            [
              {
                "type": "get_attr",
                "value": "secret_string"
              }
            ],
            [
              {
                "type": "get_attr",
                "value": "secret_string_wo"
              }
            ]
          ],
          "identity_schema_version": 0,
          "private": "bnVsbA==",
          "dependencies": [
            "aws_secretsmanager_secret.jwt_secret"
          ]
        }
      ]
    },
    {
      "mode": "managed",
      "type": "aws_secretsmanager_secret_version",
      "name": "ollama_url",
      "provider": "provider[\"registry.terraform.io/hashicorp/aws\"]",
      "instances": [
        {
          "schema_version": 0,
          "attributes": {
            "arn": "arn:aws:secretsmanager:ap-south-1:135808961840:secret:serverless-recruitment/ollama-ngrok-url-ZudmO4",
            "has_secret_string_wo": null,
            "id": "arn:aws:secretsmanager:ap-south-1:135808961840:secret:serverless-recruitment/ollama-ngrok-url-ZudmO4|terraform-20260511205029098500000004",
            "secret_binary": "",
            "secret_id": "arn:aws:secretsmanager:ap-south-1:135808961840:secret:serverless-recruitment/ollama-ngrok-url-ZudmO4",
            "secret_string": "{\"url\":\"https://92b8-2405-201-801d-1898-39d1-1bf3-1f26-320d.ngrok-free.app\"}",
            "secret_string_wo": null,
            "secret_string_wo_version": null,
            "version_id": "terraform-20260511205029098500000004",
            "version_stages": []
          },
          "sensitive_attributes": [
            [
              {
                "type": "get_attr",
                "value": "secret_binary"
              }
            ],
            [
              {
                "type": "get_attr",
                "value": "secret_string"
              }
            ],
            [
              {
                "type": "get_attr",
                "value": "secret_string_wo"
              }
            ]
          ],
          "identity_schema_version": 0,
          "private": "bnVsbA==",
          "dependencies": [
            "aws_secretsmanager_secret.ollama_url"
          ]
        }
      ]
    },
    {
      "mode": "managed",
      "type": "aws_sqs_queue",
      "name": "code",
      "provider": "provider[\"registry.terraform.io/hashicorp/aws\"]",
      "instances": [
        {
          "schema_version": 0,
          "attributes": {
            "arn": "arn:aws:sqs:ap-south-1:135808961840:serverless-recruitment-code",
            "content_based_deduplication": false,
            "deduplication_scope": "",
            "delay_seconds": 0,
            "fifo_queue": false,
            "fifo_throughput_limit": "",
            "id": "https://sqs.ap-south-1.amazonaws.com/135808961840/serverless-recruitment-code",
            "kms_data_key_reuse_period_seconds": 300,
            "kms_master_key_id": "",
            "max_message_size": 262144,
            "message_retention_seconds": 86400,
            "name": "serverless-recruitment-code",
            "name_prefix": "",
            "policy": "",
            "receive_wait_time_seconds": 0,
            "redrive_allow_policy": "",
            "redrive_policy": "{\"deadLetterTargetArn\":\"arn:aws:sqs:ap-south-1:135808961840:serverless-recruitment-code-dlq\",\"maxReceiveCount\":3}",
            "sqs_managed_sse_enabled": true,
            "tags": {
              "Project": "serverless-recruitment"
            },
            "tags_all": {
              "Project": "serverless-recruitment"
            },
            "timeouts": null,
            "url": "https://sqs.ap-south-1.amazonaws.com/135808961840/serverless-recruitment-code",
            "visibility_timeout_seconds": 300
          },
          "sensitive_attributes": [],
          "identity_schema_version": 0,
          "private": "eyJlMmJmYjczMC1lY2FhLTExZTYtOGY4OC0zNDM2M2JjN2M0YzAiOnsiY3JlYXRlIjoxODAwMDAwMDAwMDAsImRlbGV0ZSI6MTgwMDAwMDAwMDAwLCJ1cGRhdGUiOjE4MDAwMDAwMDAwMH19",
          "dependencies": [
            "aws_sqs_queue.code_dlq"
          ],
          "create_before_destroy": true
        }
      ]
    },
    {
      "mode": "managed",
      "type": "aws_sqs_queue",
      "name": "code_dlq",
      "provider": "provider[\"registry.terraform.io/hashicorp/aws\"]",
      "instances": [
        {
          "schema_version": 0,
          "attributes": {
            "arn": "arn:aws:sqs:ap-south-1:135808961840:serverless-recruitment-code-dlq",
            "content_based_deduplication": false,
            "deduplication_scope": "",
            "delay_seconds": 0,
            "fifo_queue": false,
            "fifo_throughput_limit": "",
            "id": "https://sqs.ap-south-1.amazonaws.com/135808961840/serverless-recruitment-code-dlq",
            "kms_data_key_reuse_period_seconds": 300,
            "kms_master_key_id": "",
            "max_message_size": 262144,
            "message_retention_seconds": 1209600,
            "name": "serverless-recruitment-code-dlq",
            "name_prefix": "",
            "policy": "",
            "receive_wait_time_seconds": 0,
            "redrive_allow_policy": "",
            "redrive_policy": "",
            "sqs_managed_sse_enabled": true,
            "tags": {
              "Project": "serverless-recruitment"
            },
            "tags_all": {
              "Project": "serverless-recruitment"
            },
            "timeouts": null,
            "url": "https://sqs.ap-south-1.amazonaws.com/135808961840/serverless-recruitment-code-dlq",
            "visibility_timeout_seconds": 30
          },
          "sensitive_attributes": [],
          "identity_schema_version": 0,
          "private": "eyJlMmJmYjczMC1lY2FhLTExZTYtOGY4OC0zNDM2M2JjN2M0YzAiOnsiY3JlYXRlIjoxODAwMDAwMDAwMDAsImRlbGV0ZSI6MTgwMDAwMDAwMDAwLCJ1cGRhdGUiOjE4MDAwMDAwMDAwMH19",
          "create_before_destroy": true
        }
      ]
    },
    {
      "mode": "managed",
      "type": "aws_sqs_queue",
      "name": "question",
      "provider": "provider[\"registry.terraform.io/hashicorp/aws\"]",
      "instances": [
        {
          "schema_version": 0,
          "attributes": {
            "arn": "arn:aws:sqs:ap-south-1:135808961840:serverless-recruitment-question",
            "content_based_deduplication": false,
            "deduplication_scope": "",
            "delay_seconds": 0,
            "fifo_queue": false,
            "fifo_throughput_limit": "",
            "id": "https://sqs.ap-south-1.amazonaws.com/135808961840/serverless-recruitment-question",
            "kms_data_key_reuse_period_seconds": 300,
            "kms_master_key_id": "",
            "max_message_size": 262144,
            "message_retention_seconds": 86400,
            "name": "serverless-recruitment-question",
            "name_prefix": "",
            "policy": "",
            "receive_wait_time_seconds": 0,
            "redrive_allow_policy": "",
            "redrive_policy": "{\"deadLetterTargetArn\":\"arn:aws:sqs:ap-south-1:135808961840:serverless-recruitment-question-dlq\",\"maxReceiveCount\":3}",
            "sqs_managed_sse_enabled": true,
            "tags": {
              "Project": "serverless-recruitment"
            },
            "tags_all": {
              "Project": "serverless-recruitment"
            },
            "timeouts": null,
            "url": "https://sqs.ap-south-1.amazonaws.com/135808961840/serverless-recruitment-question",
            "visibility_timeout_seconds": 300
          },
          "sensitive_attributes": [],
          "identity_schema_version": 0,
          "private": "eyJlMmJmYjczMC1lY2FhLTExZTYtOGY4OC0zNDM2M2JjN2M0YzAiOnsiY3JlYXRlIjoxODAwMDAwMDAwMDAsImRlbGV0ZSI6MTgwMDAwMDAwMDAwLCJ1cGRhdGUiOjE4MDAwMDAwMDAwMH19",
          "dependencies": [
            "aws_sqs_queue.question_dlq"
          ],
          "create_before_destroy": true
        }
      ]
    },
    {
      "mode": "managed",
      "type": "aws_sqs_queue",
      "name": "question_dlq",
      "provider": "provider[\"registry.terraform.io/hashicorp/aws\"]",
      "instances": [
        {
          "schema_version": 0,
          "attributes": {
            "arn": "arn:aws:sqs:ap-south-1:135808961840:serverless-recruitment-question-dlq",
            "content_based_deduplication": false,
            "deduplication_scope": "",
            "delay_seconds": 0,
            "fifo_queue": false,
            "fifo_throughput_limit": "",
            "id": "https://sqs.ap-south-1.amazonaws.com/135808961840/serverless-recruitment-question-dlq",
            "kms_data_key_reuse_period_seconds": 300,
            "kms_master_key_id": "",
            "max_message_size": 262144,
            "message_retention_seconds": 1209600,
            "name": "serverless-recruitment-question-dlq",
            "name_prefix": "",
            "policy": "",
            "receive_wait_time_seconds": 0,
            "redrive_allow_policy": "",
            "redrive_policy": "",
            "sqs_managed_sse_enabled": true,
            "tags": {
              "Project": "serverless-recruitment"
            },
            "tags_all": {
              "Project": "serverless-recruitment"
            },
            "timeouts": null,
            "url": "https://sqs.ap-south-1.amazonaws.com/135808961840/serverless-recruitment-question-dlq",
            "visibility_timeout_seconds": 30
          },
          "sensitive_attributes": [],
          "identity_schema_version": 0,
          "private": "eyJlMmJmYjczMC1lY2FhLTExZTYtOGY4OC0zNDM2M2JjN2M0YzAiOnsiY3JlYXRlIjoxODAwMDAwMDAwMDAsImRlbGV0ZSI6MTgwMDAwMDAwMDAwLCJ1cGRhdGUiOjE4MDAwMDAwMDAwMH19",
          "create_before_destroy": true
        }
      ]
    },
    {
      "mode": "managed",
      "type": "aws_sqs_queue",
      "name": "resume",
      "provider": "provider[\"registry.terraform.io/hashicorp/aws\"]",
      "instances": [
        {
          "schema_version": 0,
          "attributes": {
            "arn": "arn:aws:sqs:ap-south-1:135808961840:serverless-recruitment-resume",
            "content_based_deduplication": false,
            "deduplication_scope": "",
            "delay_seconds": 0,
            "fifo_queue": false,
            "fifo_throughput_limit": "",
            "id": "https://sqs.ap-south-1.amazonaws.com/135808961840/serverless-recruitment-resume",
            "kms_data_key_reuse_period_seconds": 300,
            "kms_master_key_id": "",
            "max_message_size": 262144,
            "message_retention_seconds": 86400,
            "name": "serverless-recruitment-resume",
            "name_prefix": "",
            "policy": "",
            "receive_wait_time_seconds": 0,
            "redrive_allow_policy": "",
            "redrive_policy": "{\"deadLetterTargetArn\":\"arn:aws:sqs:ap-south-1:135808961840:serverless-recruitment-resume-dlq\",\"maxReceiveCount\":3}",
            "sqs_managed_sse_enabled": true,
            "tags": {
              "Project": "serverless-recruitment"
            },
            "tags_all": {
              "Project": "serverless-recruitment"
            },
            "timeouts": null,
            "url": "https://sqs.ap-south-1.amazonaws.com/135808961840/serverless-recruitment-resume",
            "visibility_timeout_seconds": 300
          },
          "sensitive_attributes": [],
          "identity_schema_version": 0,
          "private": "eyJlMmJmYjczMC1lY2FhLTExZTYtOGY4OC0zNDM2M2JjN2M0YzAiOnsiY3JlYXRlIjoxODAwMDAwMDAwMDAsImRlbGV0ZSI6MTgwMDAwMDAwMDAwLCJ1cGRhdGUiOjE4MDAwMDAwMDAwMH19",
          "dependencies": [
            "aws_sqs_queue.resume_dlq"
          ],
          "create_before_destroy": true
        }
      ]
    },
    {
      "mode": "managed",
      "type": "aws_sqs_queue",
      "name": "resume_dlq",
      "provider": "provider[\"registry.terraform.io/hashicorp/aws\"]",
      "instances": [
        {
          "schema_version": 0,
          "attributes": {
            "arn": "arn:aws:sqs:ap-south-1:135808961840:serverless-recruitment-resume-dlq",
            "content_based_deduplication": false,
            "deduplication_scope": "",
            "delay_seconds": 0,
            "fifo_queue": false,
            "fifo_throughput_limit": "",
            "id": "https://sqs.ap-south-1.amazonaws.com/135808961840/serverless-recruitment-resume-dlq",
            "kms_data_key_reuse_period_seconds": 300,
            "kms_master_key_id": "",
            "max_message_size": 262144,
            "message_retention_seconds": 1209600,
            "name": "serverless-recruitment-resume-dlq",
            "name_prefix": "",
            "policy": "",
            "receive_wait_time_seconds": 0,
            "redrive_allow_policy": "",
            "redrive_policy": "",
            "sqs_managed_sse_enabled": true,
            "tags": {
              "Project": "serverless-recruitment"
            },
            "tags_all": {
              "Project": "serverless-recruitment"
            },
            "timeouts": null,
            "url": "https://sqs.ap-south-1.amazonaws.com/135808961840/serverless-recruitment-resume-dlq",
            "visibility_timeout_seconds": 30
          },
          "sensitive_attributes": [],
          "identity_schema_version": 0,
          "private": "eyJlMmJmYjczMC1lY2FhLTExZTYtOGY4OC0zNDM2M2JjN2M0YzAiOnsiY3JlYXRlIjoxODAwMDAwMDAwMDAsImRlbGV0ZSI6MTgwMDAwMDAwMDAwLCJ1cGRhdGUiOjE4MDAwMDAwMDAwMH19",
          "create_before_destroy": true
        }
      ]
    }
  ],
  "check_results": null
}
